// !$*UTF8*$!
{
	archiveVersion = 1;
	classes = {
	};
	objectVersion = 52;
	objects = {

/* Begin PBXBuildFile section */
		3136B19C247A59AD0079481C /* ConfigurationSelectorSpec.swift in Sources */ = {isa = PBXBuildFile; fileRef = 3136B19B247A59AD0079481C /* ConfigurationSelectorSpec.swift */; };
		3136B19E247A5A210079481C /* TestConfiguration.swift in Sources */ = {isa = PBXBuildFile; fileRef = 3136B19D247A5A210079481C /* TestConfiguration.swift */; };
		315BE18B248BB830009FA20D /* AboutViewController.swift in Sources */ = {isa = PBXBuildFile; fileRef = 315BE189248BB830009FA20D /* AboutViewController.swift */; };
		315BE18C248BB830009FA20D /* AboutViewController.swift in Sources */ = {isa = PBXBuildFile; fileRef = 315BE189248BB830009FA20D /* AboutViewController.swift */; };
		315BE18D248BB830009FA20D /* about.html in Resources */ = {isa = PBXBuildFile; fileRef = 315BE18A248BB830009FA20D /* about.html */; };
		315BE18E248BB830009FA20D /* about.html in Resources */ = {isa = PBXBuildFile; fileRef = 315BE18A248BB830009FA20D /* about.html */; };
		3170CB2224768888008CE182 /* AppDelegate.swift in Sources */ = {isa = PBXBuildFile; fileRef = 3170CB2124768888008CE182 /* AppDelegate.swift */; };
		3170CB2424768888008CE182 /* ContentView.swift in Sources */ = {isa = PBXBuildFile; fileRef = 3170CB2324768888008CE182 /* ContentView.swift */; };
		3170CB2624768889008CE182 /* Assets.xcassets in Resources */ = {isa = PBXBuildFile; fileRef = 3170CB2524768889008CE182 /* Assets.xcassets */; };
		3170CB2924768889008CE182 /* Preview Assets.xcassets in Resources */ = {isa = PBXBuildFile; fileRef = 3170CB2824768889008CE182 /* Preview Assets.xcassets */; };
		3170CB2C24768889008CE182 /* Main.storyboard in Resources */ = {isa = PBXBuildFile; fileRef = 3170CB2A24768889008CE182 /* Main.storyboard */; };
		3170CB4024768952008CE182 /* GenericTextListCell.swift in Sources */ = {isa = PBXBuildFile; fileRef = E30C1F36C23F3A7273EEBA7B /* GenericTextListCell.swift */; };
		3170CB4124768952008CE182 /* CommandConfigurationViewController.swift in Sources */ = {isa = PBXBuildFile; fileRef = E30FDB7230942068EF59C7B5 /* CommandConfigurationViewController.swift */; };
		3170CB4224768952008CE182 /* ConfigurationSheet.swift in Sources */ = {isa = PBXBuildFile; fileRef = E30D380377EA9890DA52C58D /* ConfigurationSheet.swift */; };
		3170CB4324768952008CE182 /* AppearanceConfigurationViewController.swift in Sources */ = {isa = PBXBuildFile; fileRef = E3013CC75CDA91B88ECA90C8 /* AppearanceConfigurationViewController.swift */; };
		3170CB4424768952008CE182 /* CommandListCell.swift in Sources */ = {isa = PBXBuildFile; fileRef = E305FC428BD05CA894E902BC /* CommandListCell.swift */; };
		3170CB4524768952008CE182 /* ScheduleConfigurationViewController.swift in Sources */ = {isa = PBXBuildFile; fileRef = E3056149D1F591C95C5601D8 /* ScheduleConfigurationViewController.swift */; };
		3170CB4624768952008CE182 /* AppearanceListCell.swift in Sources */ = {isa = PBXBuildFile; fileRef = E30C826FFE472150D43B1377 /* AppearanceListCell.swift */; };
		3170CB4724768952008CE182 /* ScheduleListCell.swift in Sources */ = {isa = PBXBuildFile; fileRef = E30E19D73D2EAA963C73C851 /* ScheduleListCell.swift */; };
		3170CB4824768957008CE182 /* ConfigurationSelector.swift in Sources */ = {isa = PBXBuildFile; fileRef = E30662FCC2B50C09337AA171 /* ConfigurationSelector.swift */; };
		3170CB4924768962008CE182 /* Animator.swift in Sources */ = {isa = PBXBuildFile; fileRef = E304BABFB80835702A3E8772 /* Animator.swift */; };
		3170CB4A24768962008CE182 /* ZoomAnimator.swift in Sources */ = {isa = PBXBuildFile; fileRef = E30A3A08749AC6264054C871 /* ZoomAnimator.swift */; };
		3170CB4B24768962008CE182 /* Rotate3DXAnimator.swift in Sources */ = {isa = PBXBuildFile; fileRef = E30FBE275A3D7D21535B7A08 /* Rotate3DXAnimator.swift */; };
		3170CB4C24768962008CE182 /* Rotate3DYAnimator.swift in Sources */ = {isa = PBXBuildFile; fileRef = E3060D58F65B389AAAC63782 /* Rotate3DYAnimator.swift */; };
		3170CB4D24768962008CE182 /* VerticalSlideAnimator.swift in Sources */ = {isa = PBXBuildFile; fileRef = E30F731D98EAB28EC7FEB595 /* VerticalSlideAnimator.swift */; };
		3170CB4E24768962008CE182 /* RotateAnimator.swift in Sources */ = {isa = PBXBuildFile; fileRef = E30319718AAA2AC2AE477BC6 /* RotateAnimator.swift */; };
		3170CB4F24768962008CE182 /* HorizontalSlideAnimator.swift in Sources */ = {isa = PBXBuildFile; fileRef = E30CB8DD0D1BAAC07ACC2F0E /* HorizontalSlideAnimator.swift */; };
		3170CB502476896F008CE182 /* Configuration.swift in Sources */ = {isa = PBXBuildFile; fileRef = E30BFE001FF6D7AFF6A7A6BA /* Configuration.swift */; };
		3170CB512476896F008CE182 /* NSColor+Extension.swift in Sources */ = {isa = PBXBuildFile; fileRef = E307437A3CB234E2C62291D9 /* NSColor+Extension.swift */; };
		3186C83C24790C4000F295B6 /* Nimble in Frameworks */ = {isa = PBXBuildFile; productRef = 3186C83B24790C4000F295B6 /* Nimble */; };
		3186C83F24790C9D00F295B6 /* Quick in Frameworks */ = {isa = PBXBuildFile; productRef = 3186C83E24790C9D00F295B6 /* Quick */; };
		3186C84124790CE800F295B6 /* TimeSpec.swift in Sources */ = {isa = PBXBuildFile; fileRef = 3186C84024790CE800F295B6 /* TimeSpec.swift */; };
		3186C8432479241500F295B6 /* AppearanceSpec.swift in Sources */ = {isa = PBXBuildFile; fileRef = 3186C8422479241500F295B6 /* AppearanceSpec.swift */; };
		31D50595248258BB008C5642 /* thumbnail@2x.png in Resources */ = {isa = PBXBuildFile; fileRef = 31D50593248258BB008C5642 /* thumbnail@2x.png */; };
		31D50596248258BB008C5642 /* thumbnail.png in Resources */ = {isa = PBXBuildFile; fileRef = 31D50594248258BB008C5642 /* thumbnail.png */; };
		31F387FC21203CA6000663CB /* Main.swift in Sources */ = {isa = PBXBuildFile; fileRef = 31F387FB21203CA6000663CB /* Main.swift */; };
		E300A700F402663236C31A72 /* RotateAnimator.swift in Sources */ = {isa = PBXBuildFile; fileRef = E30319718AAA2AC2AE477BC6 /* RotateAnimator.swift */; };
		E30236463CB6339D4BA10ED9 /* AppearanceListCell.swift in Sources */ = {isa = PBXBuildFile; fileRef = E30C826FFE472150D43B1377 /* AppearanceListCell.swift */; };
		E302EB3C77FC059DE7C28113 /* ConfigurationSelector.swift in Sources */ = {isa = PBXBuildFile; fileRef = E30662FCC2B50C09337AA171 /* ConfigurationSelector.swift */; };
		E30375D5CD81E49E66B3AB1C /* ScheduleConfigurationViewController.swift in Sources */ = {isa = PBXBuildFile; fileRef = E3056149D1F591C95C5601D8 /* ScheduleConfigurationViewController.swift */; };
		E304072D2761A48B2F427D00 /* AppearanceConfigurationViewController.swift in Sources */ = {isa = PBXBuildFile; fileRef = E3013CC75CDA91B88ECA90C8 /* AppearanceConfigurationViewController.swift */; };
		E305C1782E8CFCD4536F0A2D /* Configuration.swift in Sources */ = {isa = PBXBuildFile; fileRef = E30BFE001FF6D7AFF6A7A6BA /* Configuration.swift */; };
		E306D43177691FAB802E83D1 /* ScheduleListCell.swift in Sources */ = {isa = PBXBuildFile; fileRef = E30E19D73D2EAA963C73C851 /* ScheduleListCell.swift */; };
		E30934B7CCC53602E6D49218 /* Rotate3DXAnimator.swift in Sources */ = {isa = PBXBuildFile; fileRef = E30FBE275A3D7D21535B7A08 /* Rotate3DXAnimator.swift */; };
		E3095F483F4A46716D22FA28 /* VerticalSlideAnimator.swift in Sources */ = {isa = PBXBuildFile; fileRef = E30F731D98EAB28EC7FEB595 /* VerticalSlideAnimator.swift */; };
		E3099A1C9CA87DEBA5C9ADF8 /* NSColor+Extension.swift in Sources */ = {isa = PBXBuildFile; fileRef = E307437A3CB234E2C62291D9 /* NSColor+Extension.swift */; };
		E309AD50F7216A0237EDD194 /* ZoomAnimator.swift in Sources */ = {isa = PBXBuildFile; fileRef = E30A3A08749AC6264054C871 /* ZoomAnimator.swift */; };
		E30A732A185C4850F0AB449A /* CommandListCell.swift in Sources */ = {isa = PBXBuildFile; fileRef = E305FC428BD05CA894E902BC /* CommandListCell.swift */; };
		E30B5ADBCC42C818B37678F3 /* CommandConfigurationViewController.swift in Sources */ = {isa = PBXBuildFile; fileRef = E30FDB7230942068EF59C7B5 /* CommandConfigurationViewController.swift */; };
		E30C5857434CA66E1FECC977 /* ConfigurationSheet.swift in Sources */ = {isa = PBXBuildFile; fileRef = E30D380377EA9890DA52C58D /* ConfigurationSheet.swift */; };
		E30CFEA8A8ABC48B017E049C /* Animator.swift in Sources */ = {isa = PBXBuildFile; fileRef = E304BABFB80835702A3E8772 /* Animator.swift */; };
		E30E3C966C41DB4263C764E6 /* GenericTextListCell.swift in Sources */ = {isa = PBXBuildFile; fileRef = E30C1F36C23F3A7273EEBA7B /* GenericTextListCell.swift */; };
		E30F0DA9AD3EEAB55DDE55D6 /* HorizontalSlideAnimator.swift in Sources */ = {isa = PBXBuildFile; fileRef = E30CB8DD0D1BAAC07ACC2F0E /* HorizontalSlideAnimator.swift */; };
		E30F4F0F3E0563E59ACC4C1F /* Rotate3DYAnimator.swift in Sources */ = {isa = PBXBuildFile; fileRef = E3060D58F65B389AAAC63782 /* Rotate3DYAnimator.swift */; };
/* End PBXBuildFile section */

/* Begin PBXContainerItemProxy section */
		3170CB3424768889008CE182 /* PBXContainerItemProxy */ = {
			isa = PBXContainerItemProxy;
			containerPortal = 31F387E421203C2E000663CB /* Project object */;
			proxyType = 1;
			remoteGlobalIDString = 3170CB1E24768888008CE182;
			remoteInfo = EpigraverApp;
		};
/* End PBXContainerItemProxy section */

/* Begin PBXFileReference section */
		3136B19B247A59AD0079481C /* ConfigurationSelectorSpec.swift */ = {isa = PBXFileReference; lastKnownFileType = sourcecode.swift; path = ConfigurationSelectorSpec.swift; sourceTree = "<group>"; };
		3136B19D247A5A210079481C /* TestConfiguration.swift */ = {isa = PBXFileReference; lastKnownFileType = sourcecode.swift; path = TestConfiguration.swift; sourceTree = "<group>"; };
		315BE189248BB830009FA20D /* AboutViewController.swift */ = {isa = PBXFileReference; fileEncoding = 4; lastKnownFileType = sourcecode.swift; path = AboutViewController.swift; sourceTree = "<group>"; };
		315BE18A248BB830009FA20D /* about.html */ = {isa = PBXFileReference; fileEncoding = 4; lastKnownFileType = text.html; path = about.html; sourceTree = "<group>"; };
		3170CB1F24768888008CE182 /* EpigraverApp.app */ = {isa = PBXFileReference; explicitFileType = wrapper.application; includeInIndex = 0; path = EpigraverApp.app; sourceTree = BUILT_PRODUCTS_DIR; };
		3170CB2124768888008CE182 /* AppDelegate.swift */ = {isa = PBXFileReference; lastKnownFileType = sourcecode.swift; path = AppDelegate.swift; sourceTree = "<group>"; };
		3170CB2324768888008CE182 /* ContentView.swift */ = {isa = PBXFileReference; lastKnownFileType = sourcecode.swift; path = ContentView.swift; sourceTree = "<group>"; };
		3170CB2524768889008CE182 /* Assets.xcassets */ = {isa = PBXFileReference; lastKnownFileType = folder.assetcatalog; path = Assets.xcassets; sourceTree = "<group>"; };
		3170CB2824768889008CE182 /* Preview Assets.xcassets */ = {isa = PBXFileReference; lastKnownFileType = folder.assetcatalog; path = "Preview Assets.xcassets"; sourceTree = "<group>"; };
		3170CB2B24768889008CE182 /* Base */ = {isa = PBXFileReference; lastKnownFileType = file.storyboard; name = Base; path = Base.lproj/Main.storyboard; sourceTree = "<group>"; };
		3170CB2D24768889008CE182 /* Info.plist */ = {isa = PBXFileReference; lastKnownFileType = text.plist.xml; path = Info.plist; sourceTree = "<group>"; };
		3170CB2E24768889008CE182 /* EpigraverApp.entitlements */ = {isa = PBXFileReference; lastKnownFileType = text.plist.entitlements; path = EpigraverApp.entitlements; sourceTree = "<group>"; };
		3170CB3324768889008CE182 /* EpigraverAppTests.xctest */ = {isa = PBXFileReference; explicitFileType = wrapper.cfbundle; includeInIndex = 0; path = EpigraverAppTests.xctest; sourceTree = BUILT_PRODUCTS_DIR; };
		3170CB3924768889008CE182 /* Info.plist */ = {isa = PBXFileReference; lastKnownFileType = text.plist.xml; path = Info.plist; sourceTree = "<group>"; };
		3186C84024790CE800F295B6 /* TimeSpec.swift */ = {isa = PBXFileReference; fileEncoding = 4; lastKnownFileType = sourcecode.swift; path = TimeSpec.swift; sourceTree = "<group>"; };
		3186C8422479241500F295B6 /* AppearanceSpec.swift */ = {isa = PBXFileReference; lastKnownFileType = sourcecode.swift; path = AppearanceSpec.swift; sourceTree = "<group>"; };
		31D50593248258BB008C5642 /* thumbnail@2x.png */ = {isa = PBXFileReference; lastKnownFileType = image.png; path = "thumbnail@2x.png"; sourceTree = "<group>"; };
		31D50594248258BB008C5642 /* thumbnail.png */ = {isa = PBXFileReference; lastKnownFileType = image.png; path = thumbnail.png; sourceTree = "<group>"; };
		31F387ED21203C2E000663CB /* Epigraver.saver */ = {isa = PBXFileReference; explicitFileType = wrapper.cfbundle; includeInIndex = 0; path = Epigraver.saver; sourceTree = BUILT_PRODUCTS_DIR; };
		31F387F421203C2E000663CB /* Info.plist */ = {isa = PBXFileReference; lastKnownFileType = text.plist.xml; path = Info.plist; sourceTree = "<group>"; };
		31F387FB21203CA6000663CB /* Main.swift */ = {isa = PBXFileReference; lastKnownFileType = sourcecode.swift; path = Main.swift; sourceTree = "<group>"; };
		E3013CC75CDA91B88ECA90C8 /* AppearanceConfigurationViewController.swift */ = {isa = PBXFileReference; fileEncoding = 4; lastKnownFileType = sourcecode.swift; path = AppearanceConfigurationViewController.swift; sourceTree = "<group>"; };
		E30319718AAA2AC2AE477BC6 /* RotateAnimator.swift */ = {isa = PBXFileReference; fileEncoding = 4; lastKnownFileType = sourcecode.swift; path = RotateAnimator.swift; sourceTree = "<group>"; };
		E304BABFB80835702A3E8772 /* Animator.swift */ = {isa = PBXFileReference; fileEncoding = 4; lastKnownFileType = sourcecode.swift; path = Animator.swift; sourceTree = "<group>"; };
		E3056149D1F591C95C5601D8 /* ScheduleConfigurationViewController.swift */ = {isa = PBXFileReference; fileEncoding = 4; lastKnownFileType = sourcecode.swift; path = ScheduleConfigurationViewController.swift; sourceTree = "<group>"; };
		E305FC428BD05CA894E902BC /* CommandListCell.swift */ = {isa = PBXFileReference; fileEncoding = 4; lastKnownFileType = sourcecode.swift; path = CommandListCell.swift; sourceTree = "<group>"; };
		E3060D58F65B389AAAC63782 /* Rotate3DYAnimator.swift */ = {isa = PBXFileReference; fileEncoding = 4; lastKnownFileType = sourcecode.swift; path = Rotate3DYAnimator.swift; sourceTree = "<group>"; };
		E30662FCC2B50C09337AA171 /* ConfigurationSelector.swift */ = {isa = PBXFileReference; fileEncoding = 4; lastKnownFileType = sourcecode.swift; path = ConfigurationSelector.swift; sourceTree = "<group>"; };
		E307437A3CB234E2C62291D9 /* NSColor+Extension.swift */ = {isa = PBXFileReference; fileEncoding = 4; lastKnownFileType = sourcecode.swift; path = "NSColor+Extension.swift"; sourceTree = "<group>"; };
		E30A3A08749AC6264054C871 /* ZoomAnimator.swift */ = {isa = PBXFileReference; fileEncoding = 4; lastKnownFileType = sourcecode.swift; path = ZoomAnimator.swift; sourceTree = "<group>"; };
		E30BFE001FF6D7AFF6A7A6BA /* Configuration.swift */ = {isa = PBXFileReference; fileEncoding = 4; lastKnownFileType = sourcecode.swift; path = Configuration.swift; sourceTree = "<group>"; };
		E30C1F36C23F3A7273EEBA7B /* GenericTextListCell.swift */ = {isa = PBXFileReference; fileEncoding = 4; lastKnownFileType = sourcecode.swift; path = GenericTextListCell.swift; sourceTree = "<group>"; };
		E30C826FFE472150D43B1377 /* AppearanceListCell.swift */ = {isa = PBXFileReference; fileEncoding = 4; lastKnownFileType = sourcecode.swift; path = AppearanceListCell.swift; sourceTree = "<group>"; };
		E30CB8DD0D1BAAC07ACC2F0E /* HorizontalSlideAnimator.swift */ = {isa = PBXFileReference; fileEncoding = 4; lastKnownFileType = sourcecode.swift; path = HorizontalSlideAnimator.swift; sourceTree = "<group>"; };
		E30D380377EA9890DA52C58D /* ConfigurationSheet.swift */ = {isa = PBXFileReference; fileEncoding = 4; lastKnownFileType = sourcecode.swift; path = ConfigurationSheet.swift; sourceTree = "<group>"; };
		E30E19D73D2EAA963C73C851 /* ScheduleListCell.swift */ = {isa = PBXFileReference; fileEncoding = 4; lastKnownFileType = sourcecode.swift; path = ScheduleListCell.swift; sourceTree = "<group>"; };
		E30F731D98EAB28EC7FEB595 /* VerticalSlideAnimator.swift */ = {isa = PBXFileReference; fileEncoding = 4; lastKnownFileType = sourcecode.swift; path = VerticalSlideAnimator.swift; sourceTree = "<group>"; };
		E30FBE275A3D7D21535B7A08 /* Rotate3DXAnimator.swift */ = {isa = PBXFileReference; fileEncoding = 4; lastKnownFileType = sourcecode.swift; path = Rotate3DXAnimator.swift; sourceTree = "<group>"; };
		E30FDB7230942068EF59C7B5 /* CommandConfigurationViewController.swift */ = {isa = PBXFileReference; fileEncoding = 4; lastKnownFileType = sourcecode.swift; path = CommandConfigurationViewController.swift; sourceTree = "<group>"; };
/* End PBXFileReference section */

/* Begin PBXFrameworksBuildPhase section */
		3170CB1C24768888008CE182 /* Frameworks */ = {
			isa = PBXFrameworksBuildPhase;
			buildActionMask = 2147483647;
			files = (
			);
			runOnlyForDeploymentPostprocessing = 0;
		};
		3170CB3024768889008CE182 /* Frameworks */ = {
			isa = PBXFrameworksBuildPhase;
			buildActionMask = 2147483647;
			files = (
				3186C83F24790C9D00F295B6 /* Quick in Frameworks */,
				3186C83C24790C4000F295B6 /* Nimble in Frameworks */,
			);
			runOnlyForDeploymentPostprocessing = 0;
		};
		31F387E921203C2E000663CB /* Frameworks */ = {
			isa = PBXFrameworksBuildPhase;
			buildActionMask = 2147483647;
			files = (
			);
			runOnlyForDeploymentPostprocessing = 0;
		};
/* End PBXFrameworksBuildPhase section */

/* Begin PBXGroup section */
		3170CB2024768888008CE182 /* EpigraverApp */ = {
			isa = PBXGroup;
			children = (
				3170CB2D24768889008CE182 /* Info.plist */,
				3170CB2124768888008CE182 /* AppDelegate.swift */,
				3170CB2324768888008CE182 /* ContentView.swift */,
				3170CB2524768889008CE182 /* Assets.xcassets */,
				3170CB2A24768889008CE182 /* Main.storyboard */,
				3170CB2E24768889008CE182 /* EpigraverApp.entitlements */,
				3170CB2724768889008CE182 /* Preview Content */,
			);
			path = EpigraverApp;
			sourceTree = "<group>";
		};
		3170CB2724768889008CE182 /* Preview Content */ = {
			isa = PBXGroup;
			children = (
				3170CB2824768889008CE182 /* Preview Assets.xcassets */,
			);
			path = "Preview Content";
			sourceTree = "<group>";
		};
		3170CB3624768889008CE182 /* EpigraverAppTests */ = {
			isa = PBXGroup;
			children = (
				3170CB3924768889008CE182 /* Info.plist */,
				3136B19D247A5A210079481C /* TestConfiguration.swift */,
				3186C84024790CE800F295B6 /* TimeSpec.swift */,
				3186C8422479241500F295B6 /* AppearanceSpec.swift */,
				3136B19B247A59AD0079481C /* ConfigurationSelectorSpec.swift */,
			);
			path = EpigraverAppTests;
			sourceTree = "<group>";
		};
		31F387E321203C2E000663CB = {
			isa = PBXGroup;
			children = (
				31F387EF21203C2E000663CB /* Epigraver */,
				3170CB2024768888008CE182 /* EpigraverApp */,
				3170CB3624768889008CE182 /* EpigraverAppTests */,
				31F387EE21203C2E000663CB /* Products */,
			);
			sourceTree = "<group>";
		};
		31F387EE21203C2E000663CB /* Products */ = {
			isa = PBXGroup;
			children = (
				31F387ED21203C2E000663CB /* Epigraver.saver */,
				3170CB1F24768888008CE182 /* EpigraverApp.app */,
				3170CB3324768889008CE182 /* EpigraverAppTests.xctest */,
			);
			name = Products;
			sourceTree = "<group>";
		};
		31F387EF21203C2E000663CB /* Epigraver */ = {
			isa = PBXGroup;
			children = (
				31D50594248258BB008C5642 /* thumbnail.png */,
				31D50593248258BB008C5642 /* thumbnail@2x.png */,
				31F387F421203C2E000663CB /* Info.plist */,
				31F387FB21203CA6000663CB /* Main.swift */,
				E30BFE001FF6D7AFF6A7A6BA /* Configuration.swift */,
				E307437A3CB234E2C62291D9 /* NSColor+Extension.swift */,
				E30C1D1E09DC700069B8D0DC /* animator */,
				E30BB590D96EAAD829658314 /* configurationui */,
				E30662FCC2B50C09337AA171 /* ConfigurationSelector.swift */,
			);
			path = Epigraver;
			sourceTree = "<group>";
		};
		E30BB590D96EAAD829658314 /* configurationui */ = {
			isa = PBXGroup;
			children = (
				315BE18A248BB830009FA20D /* about.html */,
				315BE189248BB830009FA20D /* AboutViewController.swift */,
				E30C1F36C23F3A7273EEBA7B /* GenericTextListCell.swift */,
				E30FDB7230942068EF59C7B5 /* CommandConfigurationViewController.swift */,
				E30D380377EA9890DA52C58D /* ConfigurationSheet.swift */,
				E3013CC75CDA91B88ECA90C8 /* AppearanceConfigurationViewController.swift */,
				E305FC428BD05CA894E902BC /* CommandListCell.swift */,
				E3056149D1F591C95C5601D8 /* ScheduleConfigurationViewController.swift */,
				E30C826FFE472150D43B1377 /* AppearanceListCell.swift */,
				E30E19D73D2EAA963C73C851 /* ScheduleListCell.swift */,
			);
			path = configurationui;
			sourceTree = "<group>";
		};
		E30C1D1E09DC700069B8D0DC /* animator */ = {
			isa = PBXGroup;
			children = (
				E304BABFB80835702A3E8772 /* Animator.swift */,
				E30A3A08749AC6264054C871 /* ZoomAnimator.swift */,
				E30FBE275A3D7D21535B7A08 /* Rotate3DXAnimator.swift */,
				E3060D58F65B389AAAC63782 /* Rotate3DYAnimator.swift */,
				E30F731D98EAB28EC7FEB595 /* VerticalSlideAnimator.swift */,
				E30319718AAA2AC2AE477BC6 /* RotateAnimator.swift */,
				E30CB8DD0D1BAAC07ACC2F0E /* HorizontalSlideAnimator.swift */,
			);
			path = animator;
			sourceTree = "<group>";
		};
/* End PBXGroup section */

/* Begin PBXHeadersBuildPhase section */
		31F387EA21203C2E000663CB /* Headers */ = {
			isa = PBXHeadersBuildPhase;
			buildActionMask = 2147483647;
			files = (
			);
			runOnlyForDeploymentPostprocessing = 0;
		};
/* End PBXHeadersBuildPhase section */

/* Begin PBXNativeTarget section */
		3170CB1E24768888008CE182 /* EpigraverApp */ = {
			isa = PBXNativeTarget;
			buildConfigurationList = 3170CB3E24768889008CE182 /* Build configuration list for PBXNativeTarget "EpigraverApp" */;
			buildPhases = (
				3170CB1B24768888008CE182 /* Sources */,
				3170CB1C24768888008CE182 /* Frameworks */,
				3170CB1D24768888008CE182 /* Resources */,
				3186C84524793D8900F295B6 /* swiftlint */,
			);
			buildRules = (
			);
			dependencies = (
			);
			name = EpigraverApp;
			productName = EpigraverApp;
			productReference = 3170CB1F24768888008CE182 /* EpigraverApp.app */;
			productType = "com.apple.product-type.application";
		};
		3170CB3224768889008CE182 /* EpigraverAppTests */ = {
			isa = PBXNativeTarget;
			buildConfigurationList = 3170CB3F24768889008CE182 /* Build configuration list for PBXNativeTarget "EpigraverAppTests" */;
			buildPhases = (
				3170CB2F24768889008CE182 /* Sources */,
				3170CB3024768889008CE182 /* Frameworks */,
				3170CB3124768889008CE182 /* Resources */,
			);
			buildRules = (
			);
			dependencies = (
				3170CB3524768889008CE182 /* PBXTargetDependency */,
			);
			name = EpigraverAppTests;
			packageProductDependencies = (
				3186C83B24790C4000F295B6 /* Nimble */,
				3186C83E24790C9D00F295B6 /* Quick */,
			);
			productName = EpigraverAppTests;
			productReference = 3170CB3324768889008CE182 /* EpigraverAppTests.xctest */;
			productType = "com.apple.product-type.bundle.unit-test";
		};
		31F387EC21203C2E000663CB /* Epigraver */ = {
			isa = PBXNativeTarget;
			buildConfigurationList = 31F387F721203C2E000663CB /* Build configuration list for PBXNativeTarget "Epigraver" */;
			buildPhases = (
				31F387E821203C2E000663CB /* Sources */,
				31F387E921203C2E000663CB /* Frameworks */,
				31F387EA21203C2E000663CB /* Headers */,
				31F387EB21203C2E000663CB /* Resources */,
				31D92547244B75CE0036AC1A /* swiftlint */,
			);
			buildRules = (
			);
			dependencies = (
			);
			name = Epigraver;
			productName = Epigraver;
			productReference = 31F387ED21203C2E000663CB /* Epigraver.saver */;
			productType = "com.apple.product-type.bundle";
		};
/* End PBXNativeTarget section */

/* Begin PBXProject section */
		31F387E421203C2E000663CB /* Project object */ = {
			isa = PBXProject;
			attributes = {
				LastSwiftUpdateCheck = 1150;
				LastUpgradeCheck = 1150;
				ORGANIZATIONNAME = "Robert Beeger";
				TargetAttributes = {
					3170CB1E24768888008CE182 = {
						CreatedOnToolsVersion = 11.5;
					};
					3170CB3224768889008CE182 = {
						CreatedOnToolsVersion = 11.5;
						TestTargetID = 3170CB1E24768888008CE182;
					};
					31F387EC21203C2E000663CB = {
						CreatedOnToolsVersion = 9.4.1;
						LastSwiftMigration = 1020;
					};
				};
			};
			buildConfigurationList = 31F387E721203C2E000663CB /* Build configuration list for PBXProject "Epigraver" */;
			compatibilityVersion = "Xcode 9.3";
			developmentRegion = en;
			hasScannedForEncodings = 0;
			knownRegions = (
				en,
				Base,
			);
			mainGroup = 31F387E321203C2E000663CB;
			packageReferences = (
				3186C83A24790C4000F295B6 /* XCRemoteSwiftPackageReference "Nimble" */,
				3186C83D24790C9D00F295B6 /* XCRemoteSwiftPackageReference "Quick" */,
			);
			productRefGroup = 31F387EE21203C2E000663CB /* Products */;
			projectDirPath = "";
			projectRoot = "";
			targets = (
				31F387EC21203C2E000663CB /* Epigraver */,
				3170CB1E24768888008CE182 /* EpigraverApp */,
				3170CB3224768889008CE182 /* EpigraverAppTests */,
			);
		};
/* End PBXProject section */

/* Begin PBXResourcesBuildPhase section */
		3170CB1D24768888008CE182 /* Resources */ = {
			isa = PBXResourcesBuildPhase;
			buildActionMask = 2147483647;
			files = (
				315BE18E248BB830009FA20D /* about.html in Resources */,
				3170CB2C24768889008CE182 /* Main.storyboard in Resources */,
				3170CB2924768889008CE182 /* Preview Assets.xcassets in Resources */,
				3170CB2624768889008CE182 /* Assets.xcassets in Resources */,
			);
			runOnlyForDeploymentPostprocessing = 0;
		};
		3170CB3124768889008CE182 /* Resources */ = {
			isa = PBXResourcesBuildPhase;
			buildActionMask = 2147483647;
			files = (
			);
			runOnlyForDeploymentPostprocessing = 0;
		};
		31F387EB21203C2E000663CB /* Resources */ = {
			isa = PBXResourcesBuildPhase;
			buildActionMask = 2147483647;
			files = (
				315BE18D248BB830009FA20D /* about.html in Resources */,
				31D50596248258BB008C5642 /* thumbnail.png in Resources */,
				31D50595248258BB008C5642 /* thumbnail@2x.png in Resources */,
			);
			runOnlyForDeploymentPostprocessing = 0;
		};
/* End PBXResourcesBuildPhase section */

/* Begin PBXShellScriptBuildPhase section */
		3186C84524793D8900F295B6 /* swiftlint */ = {
			isa = PBXShellScriptBuildPhase;
			buildActionMask = 2147483647;
			files = (
			);
			inputFileListPaths = (
			);
			inputPaths = (
			);
			name = swiftlint;
			outputFileListPaths = (
			);
			outputPaths = (
			);
			runOnlyForDeploymentPostprocessing = 0;
			shellPath = /bin/sh;
			shellScript = "if which swiftlint >/dev/null; then\n  swiftlint\nelse\n  echo \"warning: SwiftLint not installed, download from https://github.com/realm/SwiftLint\"\nfi\n";
		};
		31D92547244B75CE0036AC1A /* swiftlint */ = {
			isa = PBXShellScriptBuildPhase;
			buildActionMask = 2147483647;
			files = (
			);
			inputFileListPaths = (
			);
			inputPaths = (
			);
			name = swiftlint;
			outputFileListPaths = (
			);
			outputPaths = (
			);
			runOnlyForDeploymentPostprocessing = 0;
			shellPath = /bin/sh;
			shellScript = "if which swiftlint >/dev/null; then\n  swiftlint\nelse\n  echo \"warning: SwiftLint not installed, download from https://github.com/realm/SwiftLint\"\nfi\n";
		};
/* End PBXShellScriptBuildPhase section */

/* Begin PBXSourcesBuildPhase section */
		3170CB1B24768888008CE182 /* Sources */ = {
			isa = PBXSourcesBuildPhase;
			buildActionMask = 2147483647;
			files = (
				3170CB4924768962008CE182 /* Animator.swift in Sources */,
				3170CB4724768952008CE182 /* ScheduleListCell.swift in Sources */,
				3170CB4524768952008CE182 /* ScheduleConfigurationViewController.swift in Sources */,
				315BE18C248BB830009FA20D /* AboutViewController.swift in Sources */,
				3170CB502476896F008CE182 /* Configuration.swift in Sources */,
				3170CB4424768952008CE182 /* CommandListCell.swift in Sources */,
				3170CB4624768952008CE182 /* AppearanceListCell.swift in Sources */,
				3170CB4824768957008CE182 /* ConfigurationSelector.swift in Sources */,
				3170CB4224768952008CE182 /* ConfigurationSheet.swift in Sources */,
				3170CB4C24768962008CE182 /* Rotate3DYAnimator.swift in Sources */,
				3170CB4F24768962008CE182 /* HorizontalSlideAnimator.swift in Sources */,
				3170CB4024768952008CE182 /* GenericTextListCell.swift in Sources */,
				3170CB4124768952008CE182 /* CommandConfigurationViewController.swift in Sources */,
				3170CB4324768952008CE182 /* AppearanceConfigurationViewController.swift in Sources */,
				3170CB4E24768962008CE182 /* RotateAnimator.swift in Sources */,
				3170CB512476896F008CE182 /* NSColor+Extension.swift in Sources */,
				3170CB2424768888008CE182 /* ContentView.swift in Sources */,
				3170CB4D24768962008CE182 /* VerticalSlideAnimator.swift in Sources */,
				3170CB2224768888008CE182 /* AppDelegate.swift in Sources */,
				3170CB4A24768962008CE182 /* ZoomAnimator.swift in Sources */,
				3170CB4B24768962008CE182 /* Rotate3DXAnimator.swift in Sources */,
			);
			runOnlyForDeploymentPostprocessing = 0;
		};
		3170CB2F24768889008CE182 /* Sources */ = {
			isa = PBXSourcesBuildPhase;
			buildActionMask = 2147483647;
			files = (
				3136B19C247A59AD0079481C /* ConfigurationSelectorSpec.swift in Sources */,
				3186C8432479241500F295B6 /* AppearanceSpec.swift in Sources */,
				3136B19E247A5A210079481C /* TestConfiguration.swift in Sources */,
				3186C84124790CE800F295B6 /* TimeSpec.swift in Sources */,
			);
			runOnlyForDeploymentPostprocessing = 0;
		};
		31F387E821203C2E000663CB /* Sources */ = {
			isa = PBXSourcesBuildPhase;
			buildActionMask = 2147483647;
			files = (
				31F387FC21203CA6000663CB /* Main.swift in Sources */,
				E305C1782E8CFCD4536F0A2D /* Configuration.swift in Sources */,
				E3099A1C9CA87DEBA5C9ADF8 /* NSColor+Extension.swift in Sources */,
				E30CFEA8A8ABC48B017E049C /* Animator.swift in Sources */,
				E309AD50F7216A0237EDD194 /* ZoomAnimator.swift in Sources */,
				E30934B7CCC53602E6D49218 /* Rotate3DXAnimator.swift in Sources */,
				E30F4F0F3E0563E59ACC4C1F /* Rotate3DYAnimator.swift in Sources */,
				E3095F483F4A46716D22FA28 /* VerticalSlideAnimator.swift in Sources */,
				E300A700F402663236C31A72 /* RotateAnimator.swift in Sources */,
				E30F0DA9AD3EEAB55DDE55D6 /* HorizontalSlideAnimator.swift in Sources */,
				E30E3C966C41DB4263C764E6 /* GenericTextListCell.swift in Sources */,
				E30B5ADBCC42C818B37678F3 /* CommandConfigurationViewController.swift in Sources */,
				E30C5857434CA66E1FECC977 /* ConfigurationSheet.swift in Sources */,
				E304072D2761A48B2F427D00 /* AppearanceConfigurationViewController.swift in Sources */,
				E30A732A185C4850F0AB449A /* CommandListCell.swift in Sources */,
				E30375D5CD81E49E66B3AB1C /* ScheduleConfigurationViewController.swift in Sources */,
				E30236463CB6339D4BA10ED9 /* AppearanceListCell.swift in Sources */,
				E306D43177691FAB802E83D1 /* ScheduleListCell.swift in Sources */,
				315BE18B248BB830009FA20D /* AboutViewController.swift in Sources */,
				E302EB3C77FC059DE7C28113 /* ConfigurationSelector.swift in Sources */,
			);
			runOnlyForDeploymentPostprocessing = 0;
		};
/* End PBXSourcesBuildPhase section */

/* Begin PBXTargetDependency section */
		3170CB3524768889008CE182 /* PBXTargetDependency */ = {
			isa = PBXTargetDependency;
			target = 3170CB1E24768888008CE182 /* EpigraverApp */;
			targetProxy = 3170CB3424768889008CE182 /* PBXContainerItemProxy */;
		};
/* End PBXTargetDependency section */

/* Begin PBXVariantGroup section */
		3170CB2A24768889008CE182 /* Main.storyboard */ = {
			isa = PBXVariantGroup;
			children = (
				3170CB2B24768889008CE182 /* Base */,
			);
			name = Main.storyboard;
			sourceTree = "<group>";
		};
/* End PBXVariantGroup section */

/* Begin XCBuildConfiguration section */
		3170CB3A24768889008CE182 /* Debug */ = {
			isa = XCBuildConfiguration;
			buildSettings = {
				ASSETCATALOG_COMPILER_APPICON_NAME = AppIcon;
				CODE_SIGN_ENTITLEMENTS = EpigraverApp/EpigraverApp.entitlements;
				CODE_SIGN_IDENTITY = "-";
				CODE_SIGN_STYLE = Automatic;
				COMBINE_HIDPI_IMAGES = YES;
				DEVELOPMENT_ASSET_PATHS = "\"EpigraverApp/Preview Content\"";
				DEVELOPMENT_TEAM = HBMHZ37TKE;
				ENABLE_HARDENED_RUNTIME = YES;
				ENABLE_PREVIEWS = YES;
				GCC_DYNAMIC_NO_PIC = NO;
				INFOPLIST_FILE = EpigraverApp/Info.plist;
				LD_RUNPATH_SEARCH_PATHS = (
					"$(inherited)",
					"@executable_path/../Frameworks",
				);
				MACOSX_DEPLOYMENT_TARGET = 10.15;
				MTL_ENABLE_DEBUG_INFO = INCLUDE_SOURCE;
				MTL_FAST_MATH = YES;
				OTHER_CODE_SIGN_FLAGS = "";
				PRODUCT_BUNDLE_IDENTIFIER = net.beeger.scrn.EpigraverApp;
				PRODUCT_NAME = "$(TARGET_NAME)";
				SWIFT_ACTIVE_COMPILATION_CONDITIONS = DEBUG;
				SWIFT_OPTIMIZATION_LEVEL = "-Onone";
				SWIFT_VERSION = 5.0;
			};
			name = Debug;
		};
		3170CB3B24768889008CE182 /* Release */ = {
			isa = XCBuildConfiguration;
			buildSettings = {
				ASSETCATALOG_COMPILER_APPICON_NAME = AppIcon;
				CODE_SIGN_ENTITLEMENTS = EpigraverApp/EpigraverApp.entitlements;
				CODE_SIGN_IDENTITY = "-";
				CODE_SIGN_STYLE = Automatic;
				COMBINE_HIDPI_IMAGES = YES;
				DEVELOPMENT_ASSET_PATHS = "\"EpigraverApp/Preview Content\"";
				DEVELOPMENT_TEAM = HBMHZ37TKE;
				ENABLE_HARDENED_RUNTIME = YES;
				ENABLE_PREVIEWS = YES;
				INFOPLIST_FILE = EpigraverApp/Info.plist;
				LD_RUNPATH_SEARCH_PATHS = (
					"$(inherited)",
					"@executable_path/../Frameworks",
				);
				MACOSX_DEPLOYMENT_TARGET = 10.15;
				MTL_FAST_MATH = YES;
				OTHER_CODE_SIGN_FLAGS = "";
				PRODUCT_BUNDLE_IDENTIFIER = net.beeger.scrn.EpigraverApp;
				PRODUCT_NAME = "$(TARGET_NAME)";
				SWIFT_OPTIMIZATION_LEVEL = "-O";
				SWIFT_VERSION = 5.0;
			};
			name = Release;
		};
		3170CB3C24768889008CE182 /* Debug */ = {
			isa = XCBuildConfiguration;
			buildSettings = {
				ALWAYS_EMBED_SWIFT_STANDARD_LIBRARIES = YES;
				BUNDLE_LOADER = "$(TEST_HOST)";
				CODE_SIGN_STYLE = Automatic;
				COMBINE_HIDPI_IMAGES = YES;
				DEVELOPMENT_TEAM = HBMHZ37TKE;
				GCC_DYNAMIC_NO_PIC = NO;
				INFOPLIST_FILE = EpigraverAppTests/Info.plist;
				LD_RUNPATH_SEARCH_PATHS = (
					"$(inherited)",
					"@executable_path/../Frameworks",
					"@loader_path/../Frameworks",
				);
				MACOSX_DEPLOYMENT_TARGET = 10.15;
				MTL_ENABLE_DEBUG_INFO = INCLUDE_SOURCE;
				MTL_FAST_MATH = YES;
				PRODUCT_BUNDLE_IDENTIFIER = net.beeger.scrn.EpigraverAppTests;
				PRODUCT_NAME = "$(TARGET_NAME)";
				SWIFT_ACTIVE_COMPILATION_CONDITIONS = DEBUG;
				SWIFT_OPTIMIZATION_LEVEL = "-Onone";
				SWIFT_VERSION = 5.0;
				TEST_HOST = "$(BUILT_PRODUCTS_DIR)/EpigraverApp.app/Contents/MacOS/EpigraverApp";
			};
			name = Debug;
		};
		3170CB3D24768889008CE182 /* Release */ = {
			isa = XCBuildConfiguration;
			buildSettings = {
				ALWAYS_EMBED_SWIFT_STANDARD_LIBRARIES = YES;
				BUNDLE_LOADER = "$(TEST_HOST)";
				CODE_SIGN_STYLE = Automatic;
				COMBINE_HIDPI_IMAGES = YES;
				DEVELOPMENT_TEAM = HBMHZ37TKE;
				INFOPLIST_FILE = EpigraverAppTests/Info.plist;
				LD_RUNPATH_SEARCH_PATHS = (
					"$(inherited)",
					"@executable_path/../Frameworks",
					"@loader_path/../Frameworks",
				);
				MACOSX_DEPLOYMENT_TARGET = 10.15;
				MTL_FAST_MATH = YES;
				PRODUCT_BUNDLE_IDENTIFIER = net.beeger.scrn.EpigraverAppTests;
				PRODUCT_NAME = "$(TARGET_NAME)";
				SWIFT_OPTIMIZATION_LEVEL = "-O";
				SWIFT_VERSION = 5.0;
				TEST_HOST = "$(BUILT_PRODUCTS_DIR)/EpigraverApp.app/Contents/MacOS/EpigraverApp";
			};
			name = Release;
		};
		31F387F521203C2E000663CB /* Debug */ = {
			isa = XCBuildConfiguration;
			buildSettings = {
				ALWAYS_SEARCH_USER_PATHS = NO;
				CLANG_ANALYZER_NONNULL = YES;
				CLANG_ANALYZER_NUMBER_OBJECT_CONVERSION = YES_AGGRESSIVE;
				CLANG_CXX_LANGUAGE_STANDARD = "gnu++14";
				CLANG_CXX_LIBRARY = "libc++";
				CLANG_ENABLE_MODULES = YES;
				CLANG_ENABLE_OBJC_ARC = YES;
				CLANG_ENABLE_OBJC_WEAK = YES;
				CLANG_WARN_BLOCK_CAPTURE_AUTORELEASING = YES;
				CLANG_WARN_BOOL_CONVERSION = YES;
				CLANG_WARN_COMMA = YES;
				CLANG_WARN_CONSTANT_CONVERSION = YES;
				CLANG_WARN_DEPRECATED_OBJC_IMPLEMENTATIONS = YES;
				CLANG_WARN_DIRECT_OBJC_ISA_USAGE = YES_ERROR;
				CLANG_WARN_DOCUMENTATION_COMMENTS = YES;
				CLANG_WARN_EMPTY_BODY = YES;
				CLANG_WARN_ENUM_CONVERSION = YES;
				CLANG_WARN_INFINITE_RECURSION = YES;
				CLANG_WARN_INT_CONVERSION = YES;
				CLANG_WARN_NON_LITERAL_NULL_CONVERSION = YES;
				CLANG_WARN_OBJC_IMPLICIT_RETAIN_SELF = YES;
				CLANG_WARN_OBJC_LITERAL_CONVERSION = YES;
				CLANG_WARN_OBJC_ROOT_CLASS = YES_ERROR;
				CLANG_WARN_RANGE_LOOP_ANALYSIS = YES;
				CLANG_WARN_STRICT_PROTOTYPES = YES;
				CLANG_WARN_SUSPICIOUS_MOVE = YES;
				CLANG_WARN_UNGUARDED_AVAILABILITY = YES_AGGRESSIVE;
				CLANG_WARN_UNREACHABLE_CODE = YES;
				CLANG_WARN__DUPLICATE_METHOD_MATCH = YES;
				CODE_SIGN_IDENTITY = "Mac Developer";
				COPY_PHASE_STRIP = NO;
				DEBUG_INFORMATION_FORMAT = dwarf;
				ENABLE_STRICT_OBJC_MSGSEND = YES;
				ENABLE_TESTABILITY = YES;
				GCC_C_LANGUAGE_STANDARD = gnu11;
				GCC_DYNAMIC_NO_PIC = YES;
				GCC_NO_COMMON_BLOCKS = YES;
				GCC_OPTIMIZATION_LEVEL = 0;
				GCC_PREPROCESSOR_DEFINITIONS = (
					"DEBUG=1",
					"$(inherited)",
				);
				GCC_WARN_64_TO_32_BIT_CONVERSION = YES;
				GCC_WARN_ABOUT_RETURN_TYPE = YES_ERROR;
				GCC_WARN_UNDECLARED_SELECTOR = YES;
				GCC_WARN_UNINITIALIZED_AUTOS = YES_AGGRESSIVE;
				GCC_WARN_UNUSED_FUNCTION = YES;
				GCC_WARN_UNUSED_VARIABLE = YES;
				MACOSX_DEPLOYMENT_TARGET = 10.14;
				MTL_ENABLE_DEBUG_INFO = YES;
				ONLY_ACTIVE_ARCH = YES;
				SDKROOT = macosx;
			};
			name = Debug;
		};
		31F387F621203C2E000663CB /* Release */ = {
			isa = XCBuildConfiguration;
			buildSettings = {
				ALWAYS_SEARCH_USER_PATHS = NO;
				CLANG_ANALYZER_NONNULL = YES;
				CLANG_ANALYZER_NUMBER_OBJECT_CONVERSION = YES_AGGRESSIVE;
				CLANG_CXX_LANGUAGE_STANDARD = "gnu++14";
				CLANG_CXX_LIBRARY = "libc++";
				CLANG_ENABLE_MODULES = YES;
				CLANG_ENABLE_OBJC_ARC = YES;
				CLANG_ENABLE_OBJC_WEAK = YES;
				CLANG_WARN_BLOCK_CAPTURE_AUTORELEASING = YES;
				CLANG_WARN_BOOL_CONVERSION = YES;
				CLANG_WARN_COMMA = YES;
				CLANG_WARN_CONSTANT_CONVERSION = YES;
				CLANG_WARN_DEPRECATED_OBJC_IMPLEMENTATIONS = YES;
				CLANG_WARN_DIRECT_OBJC_ISA_USAGE = YES_ERROR;
				CLANG_WARN_DOCUMENTATION_COMMENTS = YES;
				CLANG_WARN_EMPTY_BODY = YES;
				CLANG_WARN_ENUM_CONVERSION = YES;
				CLANG_WARN_INFINITE_RECURSION = YES;
				CLANG_WARN_INT_CONVERSION = YES;
				CLANG_WARN_NON_LITERAL_NULL_CONVERSION = YES;
				CLANG_WARN_OBJC_IMPLICIT_RETAIN_SELF = YES;
				CLANG_WARN_OBJC_LITERAL_CONVERSION = YES;
				CLANG_WARN_OBJC_ROOT_CLASS = YES_ERROR;
				CLANG_WARN_RANGE_LOOP_ANALYSIS = YES;
				CLANG_WARN_STRICT_PROTOTYPES = YES;
				CLANG_WARN_SUSPICIOUS_MOVE = YES;
				CLANG_WARN_UNGUARDED_AVAILABILITY = YES_AGGRESSIVE;
				CLANG_WARN_UNREACHABLE_CODE = YES;
				CLANG_WARN__DUPLICATE_METHOD_MATCH = YES;
				CODE_SIGN_IDENTITY = "Apple Development";
				COPY_PHASE_STRIP = NO;
				DEBUG_INFORMATION_FORMAT = "dwarf-with-dsym";
				ENABLE_NS_ASSERTIONS = NO;
				ENABLE_STRICT_OBJC_MSGSEND = YES;
				GCC_C_LANGUAGE_STANDARD = gnu11;
				GCC_DYNAMIC_NO_PIC = YES;
				GCC_NO_COMMON_BLOCKS = YES;
				GCC_WARN_64_TO_32_BIT_CONVERSION = YES;
				GCC_WARN_ABOUT_RETURN_TYPE = YES_ERROR;
				GCC_WARN_UNDECLARED_SELECTOR = YES;
				GCC_WARN_UNINITIALIZED_AUTOS = YES_AGGRESSIVE;
				GCC_WARN_UNUSED_FUNCTION = YES;
				GCC_WARN_UNUSED_VARIABLE = YES;
				MACOSX_DEPLOYMENT_TARGET = 10.14;
				MTL_ENABLE_DEBUG_INFO = NO;
				SDKROOT = macosx;
				SWIFT_COMPILATION_MODE = wholemodule;
			};
			name = Release;
		};
		31F387F821203C2E000663CB /* Debug */ = {
			isa = XCBuildConfiguration;
			buildSettings = {
				ALWAYS_EMBED_SWIFT_STANDARD_LIBRARIES = YES;
				CLANG_ENABLE_MODULES = YES;
				CODE_SIGN_IDENTITY = "Developer ID Application";
				CODE_SIGN_STYLE = Manual;
				COMBINE_HIDPI_IMAGES = YES;
				CURRENT_PROJECT_VERSION = 1;
				DEVELOPMENT_TEAM = HBMHZ37TKE;
				ENABLE_HARDENED_RUNTIME = YES;
				INFOPLIST_FILE = Epigraver/Info.plist;
				INSTALL_PATH = "$(HOME)/Library/Screen Savers";
				LD_RUNPATH_SEARCH_PATHS = (
					"$(inherited)",
					"@executable_path/../Frameworks",
					"@loader_path/../Frameworks",
				);
				MACOSX_DEPLOYMENT_TARGET = 10.15;
				MARKETING_VERSION = 1.0.0;
				OTHER_CODE_SIGN_FLAGS = "--timestamp";
				PRODUCT_BUNDLE_IDENTIFIER = net.beeger.scrn.Epigraver;
				PRODUCT_NAME = "$(TARGET_NAME)";
				PROVISIONING_PROFILE_SPECIFIER = "";
				SWIFT_INSTALL_OBJC_HEADER = NO;
				SWIFT_OPTIMIZATION_LEVEL = "-Onone";
				SWIFT_VERSION = 5.0;
				WRAPPER_EXTENSION = saver;
			};
			name = Debug;
		};
		31F387F921203C2E000663CB /* Release */ = {
			isa = XCBuildConfiguration;
			buildSettings = {
				ALWAYS_EMBED_SWIFT_STANDARD_LIBRARIES = YES;
				CLANG_ENABLE_MODULES = YES;
				CODE_SIGN_IDENTITY = "Developer ID Application";
				CODE_SIGN_STYLE = Manual;
				COMBINE_HIDPI_IMAGES = YES;
				CURRENT_PROJECT_VERSION = 1;
				DEVELOPMENT_TEAM = HBMHZ37TKE;
				ENABLE_HARDENED_RUNTIME = YES;
				INFOPLIST_FILE = Epigraver/Info.plist;
				INSTALL_PATH = "$(HOME)/Library/Screen Savers";
				LD_RUNPATH_SEARCH_PATHS = (
					"$(inherited)",
					"@executable_path/../Frameworks",
					"@loader_path/../Frameworks",
				);
				MACOSX_DEPLOYMENT_TARGET = 10.15;
				MARKETING_VERSION = 1.0.0;
				OTHER_CODE_SIGN_FLAGS = "--timestamp";
				PRODUCT_BUNDLE_IDENTIFIER = net.beeger.scrn.Epigraver;
				PRODUCT_NAME = "$(TARGET_NAME)";
				PROVISIONING_PROFILE_SPECIFIER = "";
				SWIFT_INSTALL_OBJC_HEADER = NO;
				SWIFT_VERSION = 5.0;
				WRAPPER_EXTENSION = saver;
			};
			name = Release;
		};
/* End XCBuildConfiguration section */

/* Begin XCConfigurationList section */
		3170CB3E24768889008CE182 /* Build configuration list for PBXNativeTarget "EpigraverApp" */ = {
			isa = XCConfigurationList;
			buildConfigurations = (
				3170CB3A24768889008CE182 /* Debug */,
				3170CB3B24768889008CE182 /* Release */,
			);
			defaultConfigurationIsVisible = 0;
			defaultConfigurationName = Release;
		};
		3170CB3F24768889008CE182 /* Build configuration list for PBXNativeTarget "EpigraverAppTests" */ = {
			isa = XCConfigurationList;
			buildConfigurations = (
				3170CB3C24768889008CE182 /* Debug */,
				3170CB3D24768889008CE182 /* Release */,
			);
			defaultConfigurationIsVisible = 0;
			defaultConfigurationName = Release;
		};
		31F387E721203C2E000663CB /* Build configuration list for PBXProject "Epigraver" */ = {
			isa = XCConfigurationList;
			buildConfigurations = (
				31F387F521203C2E000663CB /* Debug */,
				31F387F621203C2E000663CB /* Release */,
			);
			defaultConfigurationIsVisible = 0;
			defaultConfigurationName = Release;
		};
		31F387F721203C2E000663CB /* Build configuration list for PBXNativeTarget "Epigraver" */ = {
			isa = XCConfigurationList;
			buildConfigurations = (
				31F387F821203C2E000663CB /* Debug */,
				31F387F921203C2E000663CB /* Release */,
			);
			defaultConfigurationIsVisible = 0;
			defaultConfigurationName = Release;
		};
/* End XCConfigurationList section */

/* Begin XCRemoteSwiftPackageReference section */
		3186C83A24790C4000F295B6 /* XCRemoteSwiftPackageReference "Nimble" */ = {
			isa = XCRemoteSwiftPackageReference;
			repositoryURL = "https://github.com/Quick/Nimble";
			requirement = {
				kind = upToNextMajorVersion;
				minimumVersion = 8.0.9;
			};
		};
		3186C83D24790C9D00F295B6 /* XCRemoteSwiftPackageReference "Quick" */ = {
			isa = XCRemoteSwiftPackageReference;
			repositoryURL = "https://github.com/Quick/Quick";
			requirement = {
				kind = upToNextMajorVersion;
				minimumVersion = 2.2.0;
			};
		};
/* End XCRemoteSwiftPackageReference section */

/* Begin XCSwiftPackageProductDependency section */
		3186C83B24790C4000F295B6 /* Nimble */ = {
			isa = XCSwiftPackageProductDependency;
			package = 3186C83A24790C4000F295B6 /* XCRemoteSwiftPackageReference "Nimble" */;
			productName = Nimble;
		};
		3186C83E24790C9D00F295B6 /* Quick */ = {
			isa = XCSwiftPackageProductDependency;
			package = 3186C83D24790C9D00F295B6 /* XCRemoteSwiftPackageReference "Quick" */;
			productName = Quick;
		};
/* End XCSwiftPackageProductDependency section */
	};
	rootObject = 31F387E421203C2E000663CB /* Project object */;
}
