// !$*UTF8*$!
{
	archiveVersion = 1;
	classes = {
	};
	objectVersion = 50;
	objects = {

/* Begin PBXBuildFile section */
		31F387FC21203CA6000663CB /* Main.swift in Sources */ = {isa = PBXBuildFile; fileRef = 31F387FB21203CA6000663CB /* Main.swift */; };
		E300A700F402663236C31A72 /* RotateAnimator.swift in Sources */ = {isa = PBXBuildFile; fileRef = E30319718AAA2AC2AE477BC6 /* RotateAnimator.swift */; };
		E30236463CB6339D4BA10ED9 /* AppearanceListCell.swift in Sources */ = {isa = PBXBuildFile; fileRef = E30C826FFE472150D43B1377 /* AppearanceListCell.swift */; };
		E302EB3C77FC059DE7C28113 /* ConfigurationSelector.swift in Sources */ = {isa = PBXBuildFile; fileRef = E30662FCC2B50C09337AA171 /* ConfigurationSelector.swift */; };
		E30375D5CD81E49E66B3AB1C /* ScheduleConfigurationViewController.swift in Sources */ = {isa = PBXBuildFile; fileRef = E3056149D1F591C95C5601D8 /* ScheduleConfigurationViewController.swift */; };
		E304072D2761A48B2F427D00 /* AppearanceConfigurationViewController.swift in Sources */ = {isa = PBXBuildFile; fileRef = E3013CC75CDA91B88ECA90C8 /* AppearanceConfigurationViewController.swift */; };
		E305C1782E8CFCD4536F0A2D /* Configuration.swift in Sources */ = {isa = PBXBuildFile; fileRef = E30BFE001FF6D7AFF6A7A6BA /* Configuration.swift */; };
		E306D43177691FAB802E83D1 /* ScheduleListCell.swift in Sources */ = {isa = PBXBuildFile; fileRef = E30E19D73D2EAA963C73C851 /* ScheduleListCell.swift */; };
		E30934B7CCC53602E6D49218 /* Rotate3DXAnimator.swift in Sources */ = {isa = PBXBuildFile; fileRef = E30FBE275A3D7D21535B7A08 /* Rotate3DXAnimator.swift */; };
		E3095F483F4A46716D22FA28 /* VerticalSlideAnimator.swift in Sources */ = {isa = PBXBuildFile; fileRef = E30F731D98EAB28EC7FEB595 /* VerticalSlideAnimator.swift */; };
		E3099A1C9CA87DEBA5C9ADF8 /* NSColor+Extension.swift in Sources */ = {isa = PBXBuildFile; fileRef = E307437A3CB234E2C62291D9 /* NSColor+Extension.swift */; };
		E309AD50F7216A0237EDD194 /* ZoomAnimator.swift in Sources */ = {isa = PBXBuildFile; fileRef = E30A3A08749AC6264054C871 /* ZoomAnimator.swift */; };
		E30A732A185C4850F0AB449A /* CommandListCell.swift in Sources */ = {isa = PBXBuildFile; fileRef = E305FC428BD05CA894E902BC /* CommandListCell.swift */; };
		E30B5ADBCC42C818B37678F3 /* CommandConfigurationViewController.swift in Sources */ = {isa = PBXBuildFile; fileRef = E30FDB7230942068EF59C7B5 /* CommandConfigurationViewController.swift */; };
		E30C5857434CA66E1FECC977 /* ConfigurationSheet.swift in Sources */ = {isa = PBXBuildFile; fileRef = E30D380377EA9890DA52C58D /* ConfigurationSheet.swift */; };
		E30CFEA8A8ABC48B017E049C /* Animator.swift in Sources */ = {isa = PBXBuildFile; fileRef = E304BABFB80835702A3E8772 /* Animator.swift */; };
		E30E3C966C41DB4263C764E6 /* GenericTextListCell.swift in Sources */ = {isa = PBXBuildFile; fileRef = E30C1F36C23F3A7273EEBA7B /* GenericTextListCell.swift */; };
		E30F0DA9AD3EEAB55DDE55D6 /* HorizontalSlideAnimator.swift in Sources */ = {isa = PBXBuildFile; fileRef = E30CB8DD0D1BAAC07ACC2F0E /* HorizontalSlideAnimator.swift */; };
		E30F4F0F3E0563E59ACC4C1F /* Rotate3DYAnimator.swift in Sources */ = {isa = PBXBuildFile; fileRef = E3060D58F65B389AAAC63782 /* Rotate3DYAnimator.swift */; };
/* End PBXBuildFile section */

/* Begin PBXFileReference section */
		31F387ED21203C2E000663CB /* Epigraver.saver */ = {isa = PBXFileReference; explicitFileType = wrapper.cfbundle; includeInIndex = 0; path = Epigraver.saver; sourceTree = BUILT_PRODUCTS_DIR; };
		31F387F421203C2E000663CB /* Info.plist */ = {isa = PBXFileReference; lastKnownFileType = text.plist.xml; path = Info.plist; sourceTree = "<group>"; };
		31F387FB21203CA6000663CB /* Main.swift */ = {isa = PBXFileReference; lastKnownFileType = sourcecode.swift; path = Main.swift; sourceTree = "<group>"; };
		E3013CC75CDA91B88ECA90C8 /* AppearanceConfigurationViewController.swift */ = {isa = PBXFileReference; fileEncoding = 4; lastKnownFileType = sourcecode.swift; path = AppearanceConfigurationViewController.swift; sourceTree = "<group>"; };
		E30319718AAA2AC2AE477BC6 /* RotateAnimator.swift */ = {isa = PBXFileReference; fileEncoding = 4; lastKnownFileType = sourcecode.swift; path = RotateAnimator.swift; sourceTree = "<group>"; };
		E304BABFB80835702A3E8772 /* Animator.swift */ = {isa = PBXFileReference; fileEncoding = 4; lastKnownFileType = sourcecode.swift; path = Animator.swift; sourceTree = "<group>"; };
		E3056149D1F591C95C5601D8 /* ScheduleConfigurationViewController.swift */ = {isa = PBXFileReference; fileEncoding = 4; lastKnownFileType = sourcecode.swift; path = ScheduleConfigurationViewController.swift; sourceTree = "<group>"; };
		E305FC428BD05CA894E902BC /* CommandListCell.swift */ = {isa = PBXFileReference; fileEncoding = 4; lastKnownFileType = sourcecode.swift; path = CommandListCell.swift; sourceTree = "<group>"; };
		E3060D58F65B389AAAC63782 /* Rotate3DYAnimator.swift */ = {isa = PBXFileReference; fileEncoding = 4; lastKnownFileType = sourcecode.swift; path = Rotate3DYAnimator.swift; sourceTree = "<group>"; };
		E30662FCC2B50C09337AA171 /* ConfigurationSelector.swift */ = {isa = PBXFileReference; fileEncoding = 4; lastKnownFileType = sourcecode.swift; path = ConfigurationSelector.swift; sourceTree = "<group>"; };
		E307437A3CB234E2C62291D9 /* NSColor+Extension.swift */ = {isa = PBXFileReference; fileEncoding = 4; lastKnownFileType = sourcecode.swift; path = "NSColor+Extension.swift"; sourceTree = "<group>"; };
		E30A3A08749AC6264054C871 /* ZoomAnimator.swift */ = {isa = PBXFileReference; fileEncoding = 4; lastKnownFileType = sourcecode.swift; path = ZoomAnimator.swift; sourceTree = "<group>"; };
		E30BFE001FF6D7AFF6A7A6BA /* Configuration.swift */ = {isa = PBXFileReference; fileEncoding = 4; lastKnownFileType = sourcecode.swift; path = Configuration.swift; sourceTree = "<group>"; };
		E30C1F36C23F3A7273EEBA7B /* GenericTextListCell.swift */ = {isa = PBXFileReference; fileEncoding = 4; lastKnownFileType = sourcecode.swift; path = GenericTextListCell.swift; sourceTree = "<group>"; };
		E30C826FFE472150D43B1377 /* AppearanceListCell.swift */ = {isa = PBXFileReference; fileEncoding = 4; lastKnownFileType = sourcecode.swift; path = AppearanceListCell.swift; sourceTree = "<group>"; };
		E30CB8DD0D1BAAC07ACC2F0E /* HorizontalSlideAnimator.swift */ = {isa = PBXFileReference; fileEncoding = 4; lastKnownFileType = sourcecode.swift; path = HorizontalSlideAnimator.swift; sourceTree = "<group>"; };
		E30D380377EA9890DA52C58D /* ConfigurationSheet.swift */ = {isa = PBXFileReference; fileEncoding = 4; lastKnownFileType = sourcecode.swift; path = ConfigurationSheet.swift; sourceTree = "<group>"; };
		E30E19D73D2EAA963C73C851 /* ScheduleListCell.swift */ = {isa = PBXFileReference; fileEncoding = 4; lastKnownFileType = sourcecode.swift; path = ScheduleListCell.swift; sourceTree = "<group>"; };
		E30F731D98EAB28EC7FEB595 /* VerticalSlideAnimator.swift */ = {isa = PBXFileReference; fileEncoding = 4; lastKnownFileType = sourcecode.swift; path = VerticalSlideAnimator.swift; sourceTree = "<group>"; };
		E30FBE275A3D7D21535B7A08 /* Rotate3DXAnimator.swift */ = {isa = PBXFileReference; fileEncoding = 4; lastKnownFileType = sourcecode.swift; path = Rotate3DXAnimator.swift; sourceTree = "<group>"; };
		E30FDB7230942068EF59C7B5 /* CommandConfigurationViewController.swift */ = {isa = PBXFileReference; fileEncoding = 4; lastKnownFileType = sourcecode.swift; path = CommandConfigurationViewController.swift; sourceTree = "<group>"; };
/* End PBXFileReference section */

/* Begin PBXFrameworksBuildPhase section */
		31F387E921203C2E000663CB /* Frameworks */ = {
			isa = PBXFrameworksBuildPhase;
			buildActionMask = 2147483647;
			files = (
			);
			runOnlyForDeploymentPostprocessing = 0;
		};
/* End PBXFrameworksBuildPhase section */

/* Begin PBXGroup section */
		31F387E321203C2E000663CB = {
			isa = PBXGroup;
			children = (
				31F387EF21203C2E000663CB /* Epigraver */,
				31F387EE21203C2E000663CB /* Products */,
			);
			sourceTree = "<group>";
		};
		31F387EE21203C2E000663CB /* Products */ = {
			isa = PBXGroup;
			children = (
				31F387ED21203C2E000663CB /* Epigraver.saver */,
			);
			name = Products;
			sourceTree = "<group>";
		};
		31F387EF21203C2E000663CB /* Epigraver */ = {
			isa = PBXGroup;
			children = (
				31F387F421203C2E000663CB /* Info.plist */,
				31F387FB21203CA6000663CB /* Main.swift */,
				E30BFE001FF6D7AFF6A7A6BA /* Configuration.swift */,
				E307437A3CB234E2C62291D9 /* NSColor+Extension.swift */,
				E30C1D1E09DC700069B8D0DC /* animator */,
				E30BB590D96EAAD829658314 /* configurationui */,
				E30662FCC2B50C09337AA171 /* ConfigurationSelector.swift */,
			);
			path = Epigraver;
			sourceTree = "<group>";
		};
		E30BB590D96EAAD829658314 /* configurationui */ = {
			isa = PBXGroup;
			children = (
				E30C1F36C23F3A7273EEBA7B /* GenericTextListCell.swift */,
				E30FDB7230942068EF59C7B5 /* CommandConfigurationViewController.swift */,
				E30D380377EA9890DA52C58D /* ConfigurationSheet.swift */,
				E3013CC75CDA91B88ECA90C8 /* AppearanceConfigurationViewController.swift */,
				E305FC428BD05CA894E902BC /* CommandListCell.swift */,
				E3056149D1F591C95C5601D8 /* ScheduleConfigurationViewController.swift */,
				E30C826FFE472150D43B1377 /* AppearanceListCell.swift */,
				E30E19D73D2EAA963C73C851 /* ScheduleListCell.swift */,
			);
			path = configurationui;
			sourceTree = "<group>";
		};
		E30C1D1E09DC700069B8D0DC /* animator */ = {
			isa = PBXGroup;
			children = (
				E304BABFB80835702A3E8772 /* Animator.swift */,
				E30A3A08749AC6264054C871 /* ZoomAnimator.swift */,
				E30FBE275A3D7D21535B7A08 /* Rotate3DXAnimator.swift */,
				E3060D58F65B389AAAC63782 /* Rotate3DYAnimator.swift */,
				E30F731D98EAB28EC7FEB595 /* VerticalSlideAnimator.swift */,
				E30319718AAA2AC2AE477BC6 /* RotateAnimator.swift */,
				E30CB8DD0D1BAAC07ACC2F0E /* HorizontalSlideAnimator.swift */,
			);
			path = animator;
			sourceTree = "<group>";
		};
/* End PBXGroup section */

/* Begin PBXHeadersBuildPhase section */
		31F387EA21203C2E000663CB /* Headers */ = {
			isa = PBXHeadersBuildPhase;
			buildActionMask = 2147483647;
			files = (
			);
			runOnlyForDeploymentPostprocessing = 0;
		};
/* End PBXHeadersBuildPhase section */

/* Begin PBXNativeTarget section */
		31F387EC21203C2E000663CB /* Epigraver */ = {
			isa = PBXNativeTarget;
			buildConfigurationList = 31F387F721203C2E000663CB /* Build configuration list for PBXNativeTarget "Epigraver" */;
			buildPhases = (
				31F387E821203C2E000663CB /* Sources */,
				31F387E921203C2E000663CB /* Frameworks */,
				31F387EA21203C2E000663CB /* Headers */,
				31F387EB21203C2E000663CB /* Resources */,
				31D92547244B75CE0036AC1A /* swiftlint */,
			);
			buildRules = (
			);
			dependencies = (
			);
			name = Epigraver;
			productName = Epigraver;
			productReference = 31F387ED21203C2E000663CB /* Epigraver.saver */;
			productType = "com.apple.product-type.bundle";
		};
/* End PBXNativeTarget section */

/* Begin PBXProject section */
		31F387E421203C2E000663CB /* Project object */ = {
			isa = PBXProject;
			attributes = {
				LastUpgradeCheck = 1130;
				ORGANIZATIONNAME = "Robert Beeger";
				TargetAttributes = {
					31F387EC21203C2E000663CB = {
						CreatedOnToolsVersion = 9.4.1;
						LastSwiftMigration = 1020;
					};
				};
			};
			buildConfigurationList = 31F387E721203C2E000663CB /* Build configuration list for PBXProject "Epigraver" */;
			compatibilityVersion = "Xcode 9.3";
			developmentRegion = en;
			hasScannedForEncodings = 0;
			knownRegions = (
				en,
			);
			mainGroup = 31F387E321203C2E000663CB;
			productRefGroup = 31F387EE21203C2E000663CB /* Products */;
			projectDirPath = "";
			projectRoot = "";
			targets = (
				31F387EC21203C2E000663CB /* Epigraver */,
			);
		};
/* End PBXProject section */

/* Begin PBXResourcesBuildPhase section */
		31F387EB21203C2E000663CB /* Resources */ = {
			isa = PBXResourcesBuildPhase;
			buildActionMask = 2147483647;
			files = (
			);
			runOnlyForDeploymentPostprocessing = 0;
		};
/* End PBXResourcesBuildPhase section */

/* Begin PBXShellScriptBuildPhase section */
		31D92547244B75CE0036AC1A /* swiftlint */ = {
			isa = PBXShellScriptBuildPhase;
			buildActionMask = 2147483647;
			files = (
			);
			inputFileListPaths = (
			);
			inputPaths = (
			);
			name = swiftlint;
			outputFileListPaths = (
			);
			outputPaths = (
			);
			runOnlyForDeploymentPostprocessing = 0;
			shellPath = /bin/sh;
			shellScript = "if which swiftlint >/dev/null; then\n  swiftlint\nelse\n  echo \"warning: SwiftLint not installed, download from https://github.com/realm/SwiftLint\"\nfi\n";
		};
/* End PBXShellScriptBuildPhase section */

/* Begin PBXSourcesBuildPhase section */
		31F387E821203C2E000663CB /* Sources */ = {
			isa = PBXSourcesBuildPhase;
			buildActionMask = 2147483647;
			files = (
				31F387FC21203CA6000663CB /* Main.swift in Sources */,
				E305C1782E8CFCD4536F0A2D /* Configuration.swift in Sources */,
				E3099A1C9CA87DEBA5C9ADF8 /* NSColor+Extension.swift in Sources */,
				E30CFEA8A8ABC48B017E049C /* Animator.swift in Sources */,
				E309AD50F7216A0237EDD194 /* ZoomAnimator.swift in Sources */,
				E30934B7CCC53602E6D49218 /* Rotate3DXAnimator.swift in Sources */,
				E30F4F0F3E0563E59ACC4C1F /* Rotate3DYAnimator.swift in Sources */,
				E3095F483F4A46716D22FA28 /* VerticalSlideAnimator.swift in Sources */,
				E300A700F402663236C31A72 /* RotateAnimator.swift in Sources */,
				E30F0DA9AD3EEAB55DDE55D6 /* HorizontalSlideAnimator.swift in Sources */,
				E30E3C966C41DB4263C764E6 /* GenericTextListCell.swift in Sources */,
				E30B5ADBCC42C818B37678F3 /* CommandConfigurationViewController.swift in Sources */,
				E30C5857434CA66E1FECC977 /* ConfigurationSheet.swift in Sources */,
				E304072D2761A48B2F427D00 /* AppearanceConfigurationViewController.swift in Sources */,
				E30A732A185C4850F0AB449A /* CommandListCell.swift in Sources */,
				E30375D5CD81E49E66B3AB1C /* ScheduleConfigurationViewController.swift in Sources */,
				E30236463CB6339D4BA10ED9 /* AppearanceListCell.swift in Sources */,
				E306D43177691FAB802E83D1 /* ScheduleListCell.swift in Sources */,
				E302EB3C77FC059DE7C28113 /* ConfigurationSelector.swift in Sources */,
			);
			runOnlyForDeploymentPostprocessing = 0;
		};
/* End PBXSourcesBuildPhase section */

/* Begin XCBuildConfiguration section */
		31F387F521203C2E000663CB /* Debug */ = {
			isa = XCBuildConfiguration;
			buildSettings = {
				ALWAYS_SEARCH_USER_PATHS = NO;
				CLANG_ANALYZER_NONNULL = YES;
				CLANG_ANALYZER_NUMBER_OBJECT_CONVERSION = YES_AGGRESSIVE;
				CLANG_CXX_LANGUAGE_STANDARD = "gnu++14";
				CLANG_CXX_LIBRARY = "libc++";
				CLANG_ENABLE_MODULES = YES;
				CLANG_ENABLE_OBJC_ARC = YES;
				CLANG_ENABLE_OBJC_WEAK = YES;
				CLANG_WARN_BLOCK_CAPTURE_AUTORELEASING = YES;
				CLANG_WARN_BOOL_CONVERSION = YES;
				CLANG_WARN_COMMA = YES;
				CLANG_WARN_CONSTANT_CONVERSION = YES;
				CLANG_WARN_DEPRECATED_OBJC_IMPLEMENTATIONS = YES;
				CLANG_WARN_DIRECT_OBJC_ISA_USAGE = YES_ERROR;
				CLANG_WARN_DOCUMENTATION_COMMENTS = YES;
				CLANG_WARN_EMPTY_BODY = YES;
				CLANG_WARN_ENUM_CONVERSION = YES;
				CLANG_WARN_INFINITE_RECURSION = YES;
				CLANG_WARN_INT_CONVERSION = YES;
				CLANG_WARN_NON_LITERAL_NULL_CONVERSION = YES;
				CLANG_WARN_OBJC_IMPLICIT_RETAIN_SELF = YES;
				CLANG_WARN_OBJC_LITERAL_CONVERSION = YES;
				CLANG_WARN_OBJC_ROOT_CLASS = YES_ERROR;
				CLANG_WARN_RANGE_LOOP_ANALYSIS = YES;
				CLANG_WARN_STRICT_PROTOTYPES = YES;
				CLANG_WARN_SUSPICIOUS_MOVE = YES;
				CLANG_WARN_UNGUARDED_AVAILABILITY = YES_AGGRESSIVE;
				CLANG_WARN_UNREACHABLE_CODE = YES;
				CLANG_WARN__DUPLICATE_METHOD_MATCH = YES;
				CODE_SIGN_IDENTITY = "Mac Developer";
				COPY_PHASE_STRIP = NO;
				DEBUG_INFORMATION_FORMAT = dwarf;
				ENABLE_STRICT_OBJC_MSGSEND = YES;
				ENABLE_TESTABILITY = YES;
				GCC_C_LANGUAGE_STANDARD = gnu11;
				GCC_DYNAMIC_NO_PIC = YES;
				GCC_NO_COMMON_BLOCKS = YES;
				GCC_OPTIMIZATION_LEVEL = 0;
				GCC_PREPROCESSOR_DEFINITIONS = (
					"DEBUG=1",
					"$(inherited)",
				);
				GCC_WARN_64_TO_32_BIT_CONVERSION = YES;
				GCC_WARN_ABOUT_RETURN_TYPE = YES_ERROR;
				GCC_WARN_UNDECLARED_SELECTOR = YES;
				GCC_WARN_UNINITIALIZED_AUTOS = YES_AGGRESSIVE;
				GCC_WARN_UNUSED_FUNCTION = YES;
				GCC_WARN_UNUSED_VARIABLE = YES;
				MACOSX_DEPLOYMENT_TARGET = 10.14;
				MTL_ENABLE_DEBUG_INFO = YES;
				ONLY_ACTIVE_ARCH = YES;
				SDKROOT = macosx;
			};
			name = Debug;
		};
		31F387F621203C2E000663CB /* Release */ = {
			isa = XCBuildConfiguration;
			buildSettings = {
				ALWAYS_SEARCH_USER_PATHS = NO;
				CLANG_ANALYZER_NONNULL = YES;
				CLANG_ANALYZER_NUMBER_OBJECT_CONVERSION = YES_AGGRESSIVE;
				CLANG_CXX_LANGUAGE_STANDARD = "gnu++14";
				CLANG_CXX_LIBRARY = "libc++";
				CLANG_ENABLE_MODULES = YES;
				CLANG_ENABLE_OBJC_ARC = YES;
				CLANG_ENABLE_OBJC_WEAK = YES;
				CLANG_WARN_BLOCK_CAPTURE_AUTORELEASING = YES;
				CLANG_WARN_BOOL_CONVERSION = YES;
				CLANG_WARN_COMMA = YES;
				CLANG_WARN_CONSTANT_CONVERSION = YES;
				CLANG_WARN_DEPRECATED_OBJC_IMPLEMENTATIONS = YES;
				CLANG_WARN_DIRECT_OBJC_ISA_USAGE = YES_ERROR;
				CLANG_WARN_DOCUMENTATION_COMMENTS = YES;
				CLANG_WARN_EMPTY_BODY = YES;
				CLANG_WARN_ENUM_CONVERSION = YES;
				CLANG_WARN_INFINITE_RECURSION = YES;
				CLANG_WARN_INT_CONVERSION = YES;
				CLANG_WARN_NON_LITERAL_NULL_CONVERSION = YES;
				CLANG_WARN_OBJC_IMPLICIT_RETAIN_SELF = YES;
				CLANG_WARN_OBJC_LITERAL_CONVERSION = YES;
				CLANG_WARN_OBJC_ROOT_CLASS = YES_ERROR;
				CLANG_WARN_RANGE_LOOP_ANALYSIS = YES;
				CLANG_WARN_STRICT_PROTOTYPES = YES;
				CLANG_WARN_SUSPICIOUS_MOVE = YES;
				CLANG_WARN_UNGUARDED_AVAILABILITY = YES_AGGRESSIVE;
				CLANG_WARN_UNREACHABLE_CODE = YES;
				CLANG_WARN__DUPLICATE_METHOD_MATCH = YES;
				CODE_SIGN_IDENTITY = "Apple Development";
				COPY_PHASE_STRIP = NO;
				DEBUG_INFORMATION_FORMAT = "dwarf-with-dsym";
				ENABLE_NS_ASSERTIONS = NO;
				ENABLE_STRICT_OBJC_MSGSEND = YES;
				GCC_C_LANGUAGE_STANDARD = gnu11;
				GCC_DYNAMIC_NO_PIC = YES;
				GCC_NO_COMMON_BLOCKS = YES;
				GCC_WARN_64_TO_32_BIT_CONVERSION = YES;
				GCC_WARN_ABOUT_RETURN_TYPE = YES_ERROR;
				GCC_WARN_UNDECLARED_SELECTOR = YES;
				GCC_WARN_UNINITIALIZED_AUTOS = YES_AGGRESSIVE;
				GCC_WARN_UNUSED_FUNCTION = YES;
				GCC_WARN_UNUSED_VARIABLE = YES;
				MACOSX_DEPLOYMENT_TARGET = 10.14;
				MTL_ENABLE_DEBUG_INFO = NO;
				SDKROOT = macosx;
				SWIFT_COMPILATION_MODE = wholemodule;
			};
			name = Release;
		};
		31F387F821203C2E000663CB /* Debug */ = {
			isa = XCBuildConfiguration;
			buildSettings = {
				ALWAYS_EMBED_SWIFT_STANDARD_LIBRARIES = YES;
				CLANG_ENABLE_MODULES = YES;
				CODE_SIGN_IDENTITY = "Apple Development";
				CODE_SIGN_STYLE = Manual;
				COMBINE_HIDPI_IMAGES = YES;
				CURRENT_PROJECT_VERSION = 1;
				DEVELOPMENT_TEAM = HBMHZ37TKE;
				ENABLE_HARDENED_RUNTIME = YES;
				INFOPLIST_FILE = Epigraver/Info.plist;
				INSTALL_PATH = "$(HOME)/Library/Screen Savers";
				LD_RUNPATH_SEARCH_PATHS = (
					"$(inherited)",
					"@executable_path/../Frameworks",
					"@loader_path/../Frameworks",
				);
				MACOSX_DEPLOYMENT_TARGET = 10.15;
				MARKETING_VERSION = 1.0;
				PRODUCT_BUNDLE_IDENTIFIER = net.beeger.scrn.Epigraver;
				PRODUCT_NAME = "$(TARGET_NAME)";
				PROVISIONING_PROFILE_SPECIFIER = "";
				SWIFT_INSTALL_OBJC_HEADER = NO;
				SWIFT_OPTIMIZATION_LEVEL = "-Onone";
				SWIFT_VERSION = 5.0;
				WRAPPER_EXTENSION = saver;
			};
			name = Debug;
		};
		31F387F921203C2E000663CB /* Release */ = {
			isa = XCBuildConfiguration;
			buildSettings = {
				ALWAYS_EMBED_SWIFT_STANDARD_LIBRARIES = YES;
				CLANG_ENABLE_MODULES = YES;
				CODE_SIGN_IDENTITY = "Apple Development";
				CODE_SIGN_STYLE = Manual;
				COMBINE_HIDPI_IMAGES = YES;
				CURRENT_PROJECT_VERSION = 1;
				DEVELOPMENT_TEAM = HBMHZ37TKE;
				ENABLE_HARDENED_RUNTIME = YES;
				INFOPLIST_FILE = Epigraver/Info.plist;
				INSTALL_PATH = "$(HOME)/Library/Screen Savers";
				LD_RUNPATH_SEARCH_PATHS = (
					"$(inherited)",
					"@executable_path/../Frameworks",
					"@loader_path/../Frameworks",
				);
				MACOSX_DEPLOYMENT_TARGET = 10.15;
				MARKETING_VERSION = 1.0;
				PRODUCT_BUNDLE_IDENTIFIER = net.beeger.scrn.Epigraver;
				PRODUCT_NAME = "$(TARGET_NAME)";
				PROVISIONING_PROFILE_SPECIFIER = "";
				SWIFT_INSTALL_OBJC_HEADER = NO;
				SWIFT_VERSION = 5.0;
				WRAPPER_EXTENSION = saver;
			};
			name = Release;
		};
/* End XCBuildConfiguration section */

/* Begin XCConfigurationList section */
		31F387E721203C2E000663CB /* Build configuration list for PBXProject "Epigraver" */ = {
			isa = XCConfigurationList;
			buildConfigurations = (
				31F387F521203C2E000663CB /* Debug */,
				31F387F621203C2E000663CB /* Release */,
			);
			defaultConfigurationIsVisible = 0;
			defaultConfigurationName = Release;
		};
		31F387F721203C2E000663CB /* Build configuration list for PBXNativeTarget "Epigraver" */ = {
			isa = XCConfigurationList;
			buildConfigurations = (
				31F387F821203C2E000663CB /* Debug */,
				31F387F921203C2E000663CB /* Release */,
			);
			defaultConfigurationIsVisible = 0;
			defaultConfigurationName = Release;
		};
/* End XCConfigurationList section */
	};
	rootObject = 31F387E421203C2E000663CB /* Project object */;
}
