// !$*UTF8*$!
{
	archiveVersion = 1;
	classes = {
	};
	objectVersion = 50;
	objects = {

/* Begin PBXBuildFile section */
		3169C34D2156A5F400AA736F /* Animator.swift in Sources */ = {isa = PBXBuildFile; fileRef = 3169C34C2156A5F400AA736F /* Animator.swift */; };
		3169C34F2156A75F00AA736F /* HorizontalSlideAnimator.swift in Sources */ = {isa = PBXBuildFile; fileRef = 3169C34E2156A75F00AA736F /* HorizontalSlideAnimator.swift */; };
		3169C3532156B9E700AA736F /* VerticalSlideAnimator.swift in Sources */ = {isa = PBXBuildFile; fileRef = 3169C3522156B9E700AA736F /* VerticalSlideAnimator.swift */; };
		31A3F0152157FA0E0064335D /* ZoomAnimator.swift in Sources */ = {isa = PBXBuildFile; fileRef = 31A3F0142157FA0E0064335D /* ZoomAnimator.swift */; };
		31F387FC21203CA6000663CB /* Fortune.swift in Sources */ = {isa = PBXBuildFile; fileRef = 31F387FB21203CA6000663CB /* Fortune.swift */; };
		E302F0A64EC78180CF905361 /* Rotate3DXAnimator.swift in Sources */ = {isa = PBXBuildFile; fileRef = E30F25906B83FBA0000B5D63 /* Rotate3DXAnimator.swift */; };
		E305D23354C26144E5A14291 /* RotateAnimator.swift in Sources */ = {isa = PBXBuildFile; fileRef = E3000FA19C0E50D4B9B9C755 /* RotateAnimator.swift */; };
		E30E092FDE67860A20B55B81 /* Rotate3DYAnimator.swift in Sources */ = {isa = PBXBuildFile; fileRef = E302D85849FD738F23FD1A4E /* Rotate3DYAnimator.swift */; };
/* End PBXBuildFile section */

/* Begin PBXFileReference section */
		3169C34C2156A5F400AA736F /* Animator.swift */ = {isa = PBXFileReference; lastKnownFileType = sourcecode.swift; path = Animator.swift; sourceTree = "<group>"; };
		3169C34E2156A75F00AA736F /* HorizontalSlideAnimator.swift */ = {isa = PBXFileReference; lastKnownFileType = sourcecode.swift; path = HorizontalSlideAnimator.swift; sourceTree = "<group>"; };
		3169C3522156B9E700AA736F /* VerticalSlideAnimator.swift */ = {isa = PBXFileReference; lastKnownFileType = sourcecode.swift; path = VerticalSlideAnimator.swift; sourceTree = "<group>"; };
		31A3F0142157FA0E0064335D /* ZoomAnimator.swift */ = {isa = PBXFileReference; fileEncoding = 4; lastKnownFileType = sourcecode.swift; path = ZoomAnimator.swift; sourceTree = "<group>"; };
		31F387ED21203C2E000663CB /* Fortune.saver */ = {isa = PBXFileReference; explicitFileType = wrapper.cfbundle; includeInIndex = 0; path = Fortune.saver; sourceTree = BUILT_PRODUCTS_DIR; };
		31F387F421203C2E000663CB /* Info.plist */ = {isa = PBXFileReference; lastKnownFileType = text.plist.xml; path = Info.plist; sourceTree = "<group>"; };
		31F387FB21203CA6000663CB /* Fortune.swift */ = {isa = PBXFileReference; lastKnownFileType = sourcecode.swift; path = Fortune.swift; sourceTree = "<group>"; };
		E3000FA19C0E50D4B9B9C755 /* RotateAnimator.swift */ = {isa = PBXFileReference; fileEncoding = 4; lastKnownFileType = sourcecode.swift; path = RotateAnimator.swift; sourceTree = "<group>"; };
		E302D85849FD738F23FD1A4E /* Rotate3DYAnimator.swift */ = {isa = PBXFileReference; fileEncoding = 4; lastKnownFileType = sourcecode.swift; path = Rotate3DYAnimator.swift; sourceTree = "<group>"; };
		E30F25906B83FBA0000B5D63 /* Rotate3DXAnimator.swift */ = {isa = PBXFileReference; fileEncoding = 4; lastKnownFileType = sourcecode.swift; path = Rotate3DXAnimator.swift; sourceTree = "<group>"; };
/* End PBXFileReference section */

/* Begin PBXFrameworksBuildPhase section */
		31F387E921203C2E000663CB /* Frameworks */ = {
			isa = PBXFrameworksBuildPhase;
			buildActionMask = 2147483647;
			files = (
			);
			runOnlyForDeploymentPostprocessing = 0;
		};
/* End PBXFrameworksBuildPhase section */

/* Begin PBXGroup section */
		31F387E321203C2E000663CB = {
			isa = PBXGroup;
			children = (
				31F387EF21203C2E000663CB /* Fortune */,
				31F387EE21203C2E000663CB /* Products */,
			);
			sourceTree = "<group>";
		};
		31F387EE21203C2E000663CB /* Products */ = {
			isa = PBXGroup;
			children = (
				31F387ED21203C2E000663CB /* Fortune.saver */,
			);
			name = Products;
			sourceTree = "<group>";
		};
		31F387EF21203C2E000663CB /* Fortune */ = {
			isa = PBXGroup;
			children = (
				31F387F421203C2E000663CB /* Info.plist */,
				31F387FB21203CA6000663CB /* Fortune.swift */,
				3169C34C2156A5F400AA736F /* Animator.swift */,
				3169C34E2156A75F00AA736F /* HorizontalSlideAnimator.swift */,
				3169C3522156B9E700AA736F /* VerticalSlideAnimator.swift */,
				31A3F0142157FA0E0064335D /* ZoomAnimator.swift */,
				E3000FA19C0E50D4B9B9C755 /* RotateAnimator.swift */,
				E30F25906B83FBA0000B5D63 /* Rotate3DXAnimator.swift */,
				E302D85849FD738F23FD1A4E /* Rotate3DYAnimator.swift */,
			);
			path = Fortune;
			sourceTree = "<group>";
		};
/* End PBXGroup section */

/* Begin PBXHeadersBuildPhase section */
		31F387EA21203C2E000663CB /* Headers */ = {
			isa = PBXHeadersBuildPhase;
			buildActionMask = 2147483647;
			files = (
			);
			runOnlyForDeploymentPostprocessing = 0;
		};
/* End PBXHeadersBuildPhase section */

/* Begin PBXNativeTarget section */
		31F387EC21203C2E000663CB /* Fortune */ = {
			isa = PBXNativeTarget;
			buildConfigurationList = 31F387F721203C2E000663CB /* Build configuration list for PBXNativeTarget "Fortune" */;
			buildPhases = (
				31F387E821203C2E000663CB /* Sources */,
				31F387E921203C2E000663CB /* Frameworks */,
				31F387EA21203C2E000663CB /* Headers */,
				31F387EB21203C2E000663CB /* Resources */,
			);
			buildRules = (
			);
			dependencies = (
			);
			name = Fortune;
			productName = Fortune;
			productReference = 31F387ED21203C2E000663CB /* Fortune.saver */;
			productType = "com.apple.product-type.bundle";
		};
/* End PBXNativeTarget section */

/* Begin PBXProject section */
		31F387E421203C2E000663CB /* Project object */ = {
			isa = PBXProject;
			attributes = {
				LastUpgradeCheck = 1000;
				ORGANIZATIONNAME = "Robert Beeger";
				TargetAttributes = {
					31F387EC21203C2E000663CB = {
						CreatedOnToolsVersion = 9.4.1;
						LastSwiftMigration = 1000;
					};
				};
			};
			buildConfigurationList = 31F387E721203C2E000663CB /* Build configuration list for PBXProject "Fortune" */;
			compatibilityVersion = "Xcode 9.3";
			developmentRegion = en;
			hasScannedForEncodings = 0;
			knownRegions = (
				en,
			);
			mainGroup = 31F387E321203C2E000663CB;
			productRefGroup = 31F387EE21203C2E000663CB /* Products */;
			projectDirPath = "";
			projectRoot = "";
			targets = (
				31F387EC21203C2E000663CB /* Fortune */,
			);
		};
/* End PBXProject section */

/* Begin PBXResourcesBuildPhase section */
		31F387EB21203C2E000663CB /* Resources */ = {
			isa = PBXResourcesBuildPhase;
			buildActionMask = 2147483647;
			files = (
			);
			runOnlyForDeploymentPostprocessing = 0;
		};
/* End PBXResourcesBuildPhase section */

/* Begin PBXSourcesBuildPhase section */
		31F387E821203C2E000663CB /* Sources */ = {
			isa = PBXSourcesBuildPhase;
			buildActionMask = 2147483647;
			files = (
				3169C34D2156A5F400AA736F /* Animator.swift in Sources */,
				31F387FC21203CA6000663CB /* Fortune.swift in Sources */,
				3169C34F2156A75F00AA736F /* HorizontalSlideAnimator.swift in Sources */,
				31A3F0152157FA0E0064335D /* ZoomAnimator.swift in Sources */,
				3169C3532156B9E700AA736F /* VerticalSlideAnimator.swift in Sources */,
				E305D23354C26144E5A14291 /* RotateAnimator.swift in Sources */,
				E302F0A64EC78180CF905361 /* Rotate3DXAnimator.swift in Sources */,
				E30E092FDE67860A20B55B81 /* Rotate3DYAnimator.swift in Sources */,
			);
			runOnlyForDeploymentPostprocessing = 0;
		};
/* End PBXSourcesBuildPhase section */

/* Begin XCBuildConfiguration section */
		31F387F521203C2E000663CB /* Debug */ = {
			isa = XCBuildConfiguration;
			buildSettings = {
				ALWAYS_SEARCH_USER_PATHS = NO;
				CLANG_ANALYZER_NONNULL = YES;
				CLANG_ANALYZER_NUMBER_OBJECT_CONVERSION = YES_AGGRESSIVE;
				CLANG_CXX_LANGUAGE_STANDARD = "gnu++14";
				CLANG_CXX_LIBRARY = "libc++";
				CLANG_ENABLE_MODULES = YES;
				CLANG_ENABLE_OBJC_ARC = YES;
				CLANG_ENABLE_OBJC_WEAK = YES;
				CLANG_WARN_BLOCK_CAPTURE_AUTORELEASING = YES;
				CLANG_WARN_BOOL_CONVERSION = YES;
				CLANG_WARN_COMMA = YES;
				CLANG_WARN_CONSTANT_CONVERSION = YES;
				CLANG_WARN_DEPRECATED_OBJC_IMPLEMENTATIONS = YES;
				CLANG_WARN_DIRECT_OBJC_ISA_USAGE = YES_ERROR;
				CLANG_WARN_DOCUMENTATION_COMMENTS = YES;
				CLANG_WARN_EMPTY_BODY = YES;
				CLANG_WARN_ENUM_CONVERSION = YES;
				CLANG_WARN_INFINITE_RECURSION = YES;
				CLANG_WARN_INT_CONVERSION = YES;
				CLANG_WARN_NON_LITERAL_NULL_CONVERSION = YES;
				CLANG_WARN_OBJC_IMPLICIT_RETAIN_SELF = YES;
				CLANG_WARN_OBJC_LITERAL_CONVERSION = YES;
				CLANG_WARN_OBJC_ROOT_CLASS = YES_ERROR;
				CLANG_WARN_RANGE_LOOP_ANALYSIS = YES;
				CLANG_WARN_STRICT_PROTOTYPES = YES;
				CLANG_WARN_SUSPICIOUS_MOVE = YES;
				CLANG_WARN_UNGUARDED_AVAILABILITY = YES_AGGRESSIVE;
				CLANG_WARN_UNREACHABLE_CODE = YES;
				CLANG_WARN__DUPLICATE_METHOD_MATCH = YES;
				CODE_SIGN_IDENTITY = "Mac Developer";
				COPY_PHASE_STRIP = NO;
				DEBUG_INFORMATION_FORMAT = dwarf;
				ENABLE_STRICT_OBJC_MSGSEND = YES;
				ENABLE_TESTABILITY = YES;
				GCC_C_LANGUAGE_STANDARD = gnu11;
				GCC_DYNAMIC_NO_PIC = NO;
				GCC_NO_COMMON_BLOCKS = YES;
				GCC_OPTIMIZATION_LEVEL = 0;
				GCC_PREPROCESSOR_DEFINITIONS = (
					"DEBUG=1",
					"$(inherited)",
				);
				GCC_WARN_64_TO_32_BIT_CONVERSION = YES;
				GCC_WARN_ABOUT_RETURN_TYPE = YES_ERROR;
				GCC_WARN_UNDECLARED_SELECTOR = YES;
				GCC_WARN_UNINITIALIZED_AUTOS = YES_AGGRESSIVE;
				GCC_WARN_UNUSED_FUNCTION = YES;
				GCC_WARN_UNUSED_VARIABLE = YES;
				MACOSX_DEPLOYMENT_TARGET = 10.13;
				MTL_ENABLE_DEBUG_INFO = YES;
				ONLY_ACTIVE_ARCH = YES;
				SDKROOT = macosx;
			};
			name = Debug;
		};
		31F387F621203C2E000663CB /* Release */ = {
			isa = XCBuildConfiguration;
			buildSettings = {
				ALWAYS_SEARCH_USER_PATHS = NO;
				CLANG_ANALYZER_NONNULL = YES;
				CLANG_ANALYZER_NUMBER_OBJECT_CONVERSION = YES_AGGRESSIVE;
				CLANG_CXX_LANGUAGE_STANDARD = "gnu++14";
				CLANG_CXX_LIBRARY = "libc++";
				CLANG_ENABLE_MODULES = YES;
				CLANG_ENABLE_OBJC_ARC = YES;
				CLANG_ENABLE_OBJC_WEAK = YES;
				CLANG_WARN_BLOCK_CAPTURE_AUTORELEASING = YES;
				CLANG_WARN_BOOL_CONVERSION = YES;
				CLANG_WARN_COMMA = YES;
				CLANG_WARN_CONSTANT_CONVERSION = YES;
				CLANG_WARN_DEPRECATED_OBJC_IMPLEMENTATIONS = YES;
				CLANG_WARN_DIRECT_OBJC_ISA_USAGE = YES_ERROR;
				CLANG_WARN_DOCUMENTATION_COMMENTS = YES;
				CLANG_WARN_EMPTY_BODY = YES;
				CLANG_WARN_ENUM_CONVERSION = YES;
				CLANG_WARN_INFINITE_RECURSION = YES;
				CLANG_WARN_INT_CONVERSION = YES;
				CLANG_WARN_NON_LITERAL_NULL_CONVERSION = YES;
				CLANG_WARN_OBJC_IMPLICIT_RETAIN_SELF = YES;
				CLANG_WARN_OBJC_LITERAL_CONVERSION = YES;
				CLANG_WARN_OBJC_ROOT_CLASS = YES_ERROR;
				CLANG_WARN_RANGE_LOOP_ANALYSIS = YES;
				CLANG_WARN_STRICT_PROTOTYPES = YES;
				CLANG_WARN_SUSPICIOUS_MOVE = YES;
				CLANG_WARN_UNGUARDED_AVAILABILITY = YES_AGGRESSIVE;
				CLANG_WARN_UNREACHABLE_CODE = YES;
				CLANG_WARN__DUPLICATE_METHOD_MATCH = YES;
				CODE_SIGN_IDENTITY = "Mac Developer";
				COPY_PHASE_STRIP = NO;
				DEBUG_INFORMATION_FORMAT = "dwarf-with-dsym";
				ENABLE_NS_ASSERTIONS = NO;
				ENABLE_STRICT_OBJC_MSGSEND = YES;
				GCC_C_LANGUAGE_STANDARD = gnu11;
				GCC_NO_COMMON_BLOCKS = YES;
				GCC_WARN_64_TO_32_BIT_CONVERSION = YES;
				GCC_WARN_ABOUT_RETURN_TYPE = YES_ERROR;
				GCC_WARN_UNDECLARED_SELECTOR = YES;
				GCC_WARN_UNINITIALIZED_AUTOS = YES_AGGRESSIVE;
				GCC_WARN_UNUSED_FUNCTION = YES;
				GCC_WARN_UNUSED_VARIABLE = YES;
				MACOSX_DEPLOYMENT_TARGET = 10.13;
				MTL_ENABLE_DEBUG_INFO = NO;
				SDKROOT = macosx;
				SWIFT_COMPILATION_MODE = wholemodule;
			};
			name = Release;
		};
		31F387F821203C2E000663CB /* Debug */ = {
			isa = XCBuildConfiguration;
			buildSettings = {
				ALWAYS_EMBED_SWIFT_STANDARD_LIBRARIES = YES;
				CLANG_ENABLE_MODULES = YES;
				CODE_SIGN_IDENTITY = "Mac Developer";
				CODE_SIGN_STYLE = Automatic;
				COMBINE_HIDPI_IMAGES = YES;
				DEVELOPMENT_TEAM = HBMHZ37TKE;
				INFOPLIST_FILE = Fortune/Info.plist;
				INSTALL_PATH = "$(HOME)/Library/Screen Savers";
				LD_RUNPATH_SEARCH_PATHS = (
					"$(inherited)",
					"@executable_path/../Frameworks",
					"@loader_path/../Frameworks",
				);
				MACOSX_DEPLOYMENT_TARGET = 10.13;
				PRODUCT_BUNDLE_IDENTIFIER = net.beeger.scrn.Fortune;
				PRODUCT_NAME = "$(TARGET_NAME)";
				PROVISIONING_PROFILE_SPECIFIER = "";
				SWIFT_INSTALL_OBJC_HEADER = NO;
				SWIFT_OPTIMIZATION_LEVEL = "-Onone";
				SWIFT_SWIFT3_OBJC_INFERENCE = Default;
				SWIFT_VERSION = 4.2;
				WRAPPER_EXTENSION = saver;
			};
			name = Debug;
		};
		31F387F921203C2E000663CB /* Release */ = {
			isa = XCBuildConfiguration;
			buildSettings = {
				ALWAYS_EMBED_SWIFT_STANDARD_LIBRARIES = YES;
				CLANG_ENABLE_MODULES = YES;
				CODE_SIGN_IDENTITY = "Mac Developer";
				CODE_SIGN_STYLE = Automatic;
				COMBINE_HIDPI_IMAGES = YES;
				DEVELOPMENT_TEAM = HBMHZ37TKE;
				INFOPLIST_FILE = Fortune/Info.plist;
				INSTALL_PATH = "$(HOME)/Library/Screen Savers";
				LD_RUNPATH_SEARCH_PATHS = (
					"$(inherited)",
					"@executable_path/../Frameworks",
					"@loader_path/../Frameworks",
				);
				MACOSX_DEPLOYMENT_TARGET = 10.13;
				PRODUCT_BUNDLE_IDENTIFIER = net.beeger.scrn.Fortune;
				PRODUCT_NAME = "$(TARGET_NAME)";
				PROVISIONING_PROFILE_SPECIFIER = "";
				SWIFT_INSTALL_OBJC_HEADER = NO;
				SWIFT_SWIFT3_OBJC_INFERENCE = Default;
				SWIFT_VERSION = 4.2;
				WRAPPER_EXTENSION = saver;
			};
			name = Release;
		};
/* End XCBuildConfiguration section */

/* Begin XCConfigurationList section */
		31F387E721203C2E000663CB /* Build configuration list for PBXProject "Fortune" */ = {
			isa = XCConfigurationList;
			buildConfigurations = (
				31F387F521203C2E000663CB /* Debug */,
				31F387F621203C2E000663CB /* Release */,
			);
			defaultConfigurationIsVisible = 0;
			defaultConfigurationName = Release;
		};
		31F387F721203C2E000663CB /* Build configuration list for PBXNativeTarget "Fortune" */ = {
			isa = XCConfigurationList;
			buildConfigurations = (
				31F387F821203C2E000663CB /* Debug */,
				31F387F921203C2E000663CB /* Release */,
			);
			defaultConfigurationIsVisible = 0;
			defaultConfigurationName = Release;
		};
/* End XCConfigurationList section */
	};
	rootObject = 31F387E421203C2E000663CB /* Project object */;
}
